// !$*UTF8*$!
{
	archiveVersion = 1;
	classes = {
	};
	objectVersion = 51;
	objects = {

/* Begin PBXBuildFile section */
		0D94657B22A76C4400F8F396 /* AppDelegate.m in Sources */ = {isa = PBXBuildFile; fileRef = 0D94657A22A76C4400F8F396 /* AppDelegate.m */; };
		0D94657E22A76C4400F8F396 /* HomeViewController.m in Sources */ = {isa = PBXBuildFile; fileRef = 0D94657D22A76C4400F8F396 /* HomeViewController.m */; };
		0D94658122A76C4400F8F396 /* Main.storyboard in Resources */ = {isa = PBXBuildFile; fileRef = 0D94657F22A76C4400F8F396 /* Main.storyboard */; };
		0D94658422A76C4400F8F396 /* XWCamera.xcdatamodeld in Sources */ = {isa = PBXBuildFile; fileRef = 0D94658222A76C4400F8F396 /* XWCamera.xcdatamodeld */; };
		0D94658622A76C4500F8F396 /* Assets.xcassets in Resources */ = {isa = PBXBuildFile; fileRef = 0D94658522A76C4500F8F396 /* Assets.xcassets */; };
		0D94658922A76C4500F8F396 /* LaunchScreen.storyboard in Resources */ = {isa = PBXBuildFile; fileRef = 0D94658722A76C4500F8F396 /* LaunchScreen.storyboard */; };
		0D94658C22A76C4500F8F396 /* main.m in Sources */ = {isa = PBXBuildFile; fileRef = 0D94658B22A76C4500F8F396 /* main.m */; };
		0D94659622A76C4500F8F396 /* XWCameraTests.m in Sources */ = {isa = PBXBuildFile; fileRef = 0D94659522A76C4500F8F396 /* XWCameraTests.m */; };
		0D9465A122A76C4500F8F396 /* XWCameraUITests.m in Sources */ = {isa = PBXBuildFile; fileRef = 0D9465A022A76C4500F8F396 /* XWCameraUITests.m */; };
		0D9465B022A76E8200F8F396 /* XWPhotoPickerController.m in Sources */ = {isa = PBXBuildFile; fileRef = 0D9465AF22A76E8200F8F396 /* XWPhotoPickerController.m */; };
		0D9465B322A76E9800F8F396 /* XWCameraViewController.m in Sources */ = {isa = PBXBuildFile; fileRef = 0D9465B222A76E9800F8F396 /* XWCameraViewController.m */; };
		0D9465B622A76F0500F8F396 /* XWSetTableViewController.m in Sources */ = {isa = PBXBuildFile; fileRef = 0D9465B522A76F0500F8F396 /* XWSetTableViewController.m */; };
		0D9465D622A7DDBA00F8F396 /* Localizable.strings in Resources */ = {isa = PBXBuildFile; fileRef = 0D9465D822A7DDBA00F8F396 /* Localizable.strings */; };
		0D9465DC22A8B4A000F8F396 /* Filters.strings in Resources */ = {isa = PBXBuildFile; fileRef = 0D9465DE22A8B4A000F8F396 /* Filters.strings */; };
		0D9465E222A91BBD00F8F396 /* libiconv.tbd in Frameworks */ = {isa = PBXBuildFile; fileRef = 0D9465E122A91BBD00F8F396 /* libiconv.tbd */; };
		0DF9CA5222AD618F0004D07F /* CTAssetSelectionLabel.m in Sources */ = {isa = PBXBuildFile; fileRef = 0DF9C9F122AD618E0004D07F /* CTAssetSelectionLabel.m */; };
		0DF9CA5322AD618F0004D07F /* CTAssetsGridViewCell.m in Sources */ = {isa = PBXBuildFile; fileRef = 0DF9C9F222AD618E0004D07F /* CTAssetsGridViewCell.m */; };
		0DF9CA5422AD618F0004D07F /* CTAssetItemViewController.m in Sources */ = {isa = PBXBuildFile; fileRef = 0DF9C9F322AD618E0004D07F /* CTAssetItemViewController.m */; };
		0DF9CA5522AD618F0004D07F /* CTAssetsPickerNoAssetsView.m in Sources */ = {isa = PBXBuildFile; fileRef = 0DF9C9F522AD618E0004D07F /* CTAssetsPickerNoAssetsView.m */; };
		0DF9CA5622AD618F0004D07F /* CTAssetScrollView.m in Sources */ = {isa = PBXBuildFile; fileRef = 0DF9C9F622AD618E0004D07F /* CTAssetScrollView.m */; };
		0DF9CA5722AD618F0004D07F /* CTAssetThumbnailStacks.m in Sources */ = {isa = PBXBuildFile; fileRef = 0DF9C9F722AD618E0004D07F /* CTAssetThumbnailStacks.m */; };
		0DF9CA5822AD618F0004D07F /* CTAssetsPageView.m in Sources */ = {isa = PBXBuildFile; fileRef = 0DF9C9F822AD618E0004D07F /* CTAssetsPageView.m */; };
		0DF9CA5922AD618F0004D07F /* CTAssetsPageViewController.m in Sources */ = {isa = PBXBuildFile; fileRef = 0DF9C9FB22AD618E0004D07F /* CTAssetsPageViewController.m */; };
		0DF9CA5A22AD618F0004D07F /* CTAssetsNavigationController.m in Sources */ = {isa = PBXBuildFile; fileRef = 0DF9C9FD22AD618E0004D07F /* CTAssetsNavigationController.m */; };
		0DF9CA5B22AD618F0004D07F /* CTAssetsGridViewLayout.m in Sources */ = {isa = PBXBuildFile; fileRef = 0DF9CA0022AD618E0004D07F /* CTAssetsGridViewLayout.m */; };
		0DF9CA5C22AD618F0004D07F /* CTAssetsGridView.m in Sources */ = {isa = PBXBuildFile; fileRef = 0DF9CA0322AD618E0004D07F /* CTAssetsGridView.m */; };
		0DF9CA5D22AD618F0004D07F /* CTAssetsPicker.strings in Resources */ = {isa = PBXBuildFile; fileRef = 0DF9CA0522AD618E0004D07F /* CTAssetsPicker.strings */; };
		0DF9CA5E22AD618F0004D07F /* CTAssetsPicker.xcassets in Resources */ = {isa = PBXBuildFile; fileRef = 0DF9CA1E22AD618E0004D07F /* CTAssetsPicker.xcassets */; };
		0DF9CA5F22AD618F0004D07F /* CTAssetThumbnailOverlay.m in Sources */ = {isa = PBXBuildFile; fileRef = 0DF9CA1F22AD618E0004D07F /* CTAssetThumbnailOverlay.m */; };
		0DF9CA6022AD618F0004D07F /* CTAssetsPickerAccessDeniedView.m in Sources */ = {isa = PBXBuildFile; fileRef = 0DF9CA2022AD618E0004D07F /* CTAssetsPickerAccessDeniedView.m */; };
		0DF9CA6122AD618F0004D07F /* CTAssetCollectionViewController.m in Sources */ = {isa = PBXBuildFile; fileRef = 0DF9CA2122AD618E0004D07F /* CTAssetCollectionViewController.m */; };
		0DF9CA6222AD618F0004D07F /* CTAssetsViewControllerTransition.m in Sources */ = {isa = PBXBuildFile; fileRef = 0DF9CA2522AD618E0004D07F /* CTAssetsViewControllerTransition.m */; };
		0DF9CA6322AD618F0004D07F /* CTAssetsGridSelectedView.m in Sources */ = {isa = PBXBuildFile; fileRef = 0DF9CA2622AD618E0004D07F /* CTAssetsGridSelectedView.m */; };
		0DF9CA6422AD618F0004D07F /* CTAssetsGridViewFooter.m in Sources */ = {isa = PBXBuildFile; fileRef = 0DF9CA2C22AD618E0004D07F /* CTAssetsGridViewFooter.m */; };
		0DF9CA6522AD618F0004D07F /* CTAssetCheckmark.m in Sources */ = {isa = PBXBuildFile; fileRef = 0DF9CA2F22AD618E0004D07F /* CTAssetCheckmark.m */; };
		0DF9CA6622AD618F0004D07F /* CTAssetThumbnailView.m in Sources */ = {isa = PBXBuildFile; fileRef = 0DF9CA3022AD618E0004D07F /* CTAssetThumbnailView.m */; };
		0DF9CA6722AD618F0004D07F /* CTAssetsPickerController.m in Sources */ = {isa = PBXBuildFile; fileRef = 0DF9CA3222AD618E0004D07F /* CTAssetsPickerController.m */; };
		0DF9CA6822AD618F0004D07F /* CTAssetCollectionViewCell.m in Sources */ = {isa = PBXBuildFile; fileRef = 0DF9CA3322AD618E0004D07F /* CTAssetCollectionViewCell.m */; };
		0DF9CA6922AD618F0004D07F /* PHAssetCollection+CTAssetsPickerController.m in Sources */ = {isa = PBXBuildFile; fileRef = 0DF9CA3B22AD618F0004D07F /* PHAssetCollection+CTAssetsPickerController.m */; };
		0DF9CA6A22AD618F0004D07F /* UIImage+CTAssetsPickerController.m in Sources */ = {isa = PBXBuildFile; fileRef = 0DF9CA3E22AD618F0004D07F /* UIImage+CTAssetsPickerController.m */; };
		0DF9CA6B22AD618F0004D07F /* NSNumberFormatter+CTAssetsPickerController.m in Sources */ = {isa = PBXBuildFile; fileRef = 0DF9CA3F22AD618F0004D07F /* NSNumberFormatter+CTAssetsPickerController.m */; };
		0DF9CA6C22AD618F0004D07F /* NSBundle+CTAssetsPickerController.m in Sources */ = {isa = PBXBuildFile; fileRef = 0DF9CA4322AD618F0004D07F /* NSBundle+CTAssetsPickerController.m */; };
		0DF9CA6D22AD618F0004D07F /* UICollectionView+CTAssetsPickerController.m in Sources */ = {isa = PBXBuildFile; fileRef = 0DF9CA4422AD618F0004D07F /* UICollectionView+CTAssetsPickerController.m */; };
		0DF9CA6E22AD618F0004D07F /* PHAsset+CTAssetsPickerController.m in Sources */ = {isa = PBXBuildFile; fileRef = 0DF9CA4922AD618F0004D07F /* PHAsset+CTAssetsPickerController.m */; };
		0DF9CA6F22AD618F0004D07F /* NSIndexSet+CTAssetsPickerController.m in Sources */ = {isa = PBXBuildFile; fileRef = 0DF9CA4B22AD618F0004D07F /* NSIndexSet+CTAssetsPickerController.m */; };
		0DF9CA7022AD618F0004D07F /* NSDateFormatter+CTAssetsPickerController.m in Sources */ = {isa = PBXBuildFile; fileRef = 0DF9CA4D22AD618F0004D07F /* NSDateFormatter+CTAssetsPickerController.m */; };
		0DF9CA7122AD618F0004D07F /* PHImageManager+CTAssetsPickerController.m in Sources */ = {isa = PBXBuildFile; fileRef = 0DF9CA4E22AD618F0004D07F /* PHImageManager+CTAssetsPickerController.m */; };
		0DF9CA7222AD618F0004D07F /* CTAssetSelectionButton.m in Sources */ = {isa = PBXBuildFile; fileRef = 0DF9CA4F22AD618F0004D07F /* CTAssetSelectionButton.m */; };
		0DF9CA7322AD618F0004D07F /* CTAssetsGridViewController.m in Sources */ = {isa = PBXBuildFile; fileRef = 0DF9CA5022AD618F0004D07F /* CTAssetsGridViewController.m */; };
		0DF9CA7422AD618F0004D07F /* CTAssetPlayButton.m in Sources */ = {isa = PBXBuildFile; fileRef = 0DF9CA5122AD618F0004D07F /* CTAssetPlayButton.m */; };
		A5B0FFAED934F72294326C99 /* libPods-XWCamera.a in Frameworks */ = {isa = PBXBuildFile; fileRef = 43638464D2D2FE13229FF86E /* libPods-XWCamera.a */; };
/* End PBXBuildFile section */

/* Begin PBXContainerItemProxy section */
		0D94659222A76C4500F8F396 /* PBXContainerItemProxy */ = {
			isa = PBXContainerItemProxy;
			containerPortal = 0D94656E22A76C4400F8F396 /* Project object */;
			proxyType = 1;
			remoteGlobalIDString = 0D94657522A76C4400F8F396;
			remoteInfo = XWCamera;
		};
		0D94659D22A76C4500F8F396 /* PBXContainerItemProxy */ = {
			isa = PBXContainerItemProxy;
			containerPortal = 0D94656E22A76C4400F8F396 /* Project object */;
			proxyType = 1;
			remoteGlobalIDString = 0D94657522A76C4400F8F396;
			remoteInfo = XWCamera;
		};
/* End PBXContainerItemProxy section */

/* Begin PBXFileReference section */
		0D94657622A76C4400F8F396 /* XWCamera.app */ = {isa = PBXFileReference; explicitFileType = wrapper.application; includeInIndex = 0; path = XWCamera.app; sourceTree = BUILT_PRODUCTS_DIR; };
		0D94657922A76C4400F8F396 /* AppDelegate.h */ = {isa = PBXFileReference; lastKnownFileType = sourcecode.c.h; path = AppDelegate.h; sourceTree = "<group>"; };
		0D94657A22A76C4400F8F396 /* AppDelegate.m */ = {isa = PBXFileReference; lastKnownFileType = sourcecode.c.objc; path = AppDelegate.m; sourceTree = "<group>"; };
		0D94657C22A76C4400F8F396 /* HomeViewController.h */ = {isa = PBXFileReference; lastKnownFileType = sourcecode.c.h; path = HomeViewController.h; sourceTree = "<group>"; };
		0D94657D22A76C4400F8F396 /* HomeViewController.m */ = {isa = PBXFileReference; lastKnownFileType = sourcecode.c.objc; path = HomeViewController.m; sourceTree = "<group>"; };
		0D94658022A76C4400F8F396 /* Base */ = {isa = PBXFileReference; lastKnownFileType = file.storyboard; name = Base; path = Base.lproj/Main.storyboard; sourceTree = "<group>"; };
		0D94658322A76C4400F8F396 /* XWCamera.xcdatamodel */ = {isa = PBXFileReference; lastKnownFileType = wrapper.xcdatamodel; path = XWCamera.xcdatamodel; sourceTree = "<group>"; };
		0D94658522A76C4500F8F396 /* Assets.xcassets */ = {isa = PBXFileReference; lastKnownFileType = folder.assetcatalog; path = Assets.xcassets; sourceTree = "<group>"; };
		0D94658822A76C4500F8F396 /* Base */ = {isa = PBXFileReference; lastKnownFileType = file.storyboard; name = Base; path = Base.lproj/LaunchScreen.storyboard; sourceTree = "<group>"; };
		0D94658A22A76C4500F8F396 /* Info.plist */ = {isa = PBXFileReference; lastKnownFileType = text.plist.xml; path = Info.plist; sourceTree = "<group>"; };
		0D94658B22A76C4500F8F396 /* main.m */ = {isa = PBXFileReference; lastKnownFileType = sourcecode.c.objc; path = main.m; sourceTree = "<group>"; };
		0D94659122A76C4500F8F396 /* XWCameraTests.xctest */ = {isa = PBXFileReference; explicitFileType = wrapper.cfbundle; includeInIndex = 0; path = XWCameraTests.xctest; sourceTree = BUILT_PRODUCTS_DIR; };
		0D94659522A76C4500F8F396 /* XWCameraTests.m */ = {isa = PBXFileReference; lastKnownFileType = sourcecode.c.objc; path = XWCameraTests.m; sourceTree = "<group>"; };
		0D94659722A76C4500F8F396 /* Info.plist */ = {isa = PBXFileReference; lastKnownFileType = text.plist.xml; path = Info.plist; sourceTree = "<group>"; };
		0D94659C22A76C4500F8F396 /* XWCameraUITests.xctest */ = {isa = PBXFileReference; explicitFileType = wrapper.cfbundle; includeInIndex = 0; path = XWCameraUITests.xctest; sourceTree = BUILT_PRODUCTS_DIR; };
		0D9465A022A76C4500F8F396 /* XWCameraUITests.m */ = {isa = PBXFileReference; lastKnownFileType = sourcecode.c.objc; path = XWCameraUITests.m; sourceTree = "<group>"; };
		0D9465A222A76C4500F8F396 /* Info.plist */ = {isa = PBXFileReference; lastKnownFileType = text.plist.xml; path = Info.plist; sourceTree = "<group>"; };
		0D9465AE22A76E8200F8F396 /* XWPhotoPickerController.h */ = {isa = PBXFileReference; lastKnownFileType = sourcecode.c.h; path = XWPhotoPickerController.h; sourceTree = "<group>"; };
		0D9465AF22A76E8200F8F396 /* XWPhotoPickerController.m */ = {isa = PBXFileReference; lastKnownFileType = sourcecode.c.objc; path = XWPhotoPickerController.m; sourceTree = "<group>"; };
		0D9465B122A76E9800F8F396 /* XWCameraViewController.h */ = {isa = PBXFileReference; lastKnownFileType = sourcecode.c.h; path = XWCameraViewController.h; sourceTree = "<group>"; };
		0D9465B222A76E9800F8F396 /* XWCameraViewController.m */ = {isa = PBXFileReference; lastKnownFileType = sourcecode.c.objc; path = XWCameraViewController.m; sourceTree = "<group>"; };
		0D9465B422A76F0500F8F396 /* XWSetTableViewController.h */ = {isa = PBXFileReference; lastKnownFileType = sourcecode.c.h; path = XWSetTableViewController.h; sourceTree = "<group>"; };
		0D9465B522A76F0500F8F396 /* XWSetTableViewController.m */ = {isa = PBXFileReference; lastKnownFileType = sourcecode.c.objc; path = XWSetTableViewController.m; sourceTree = "<group>"; };
		0D9465D422A7DDB300F8F396 /* zh-Hans */ = {isa = PBXFileReference; lastKnownFileType = text.plist.strings; name = "zh-Hans"; path = "zh-Hans.lproj/Main.strings"; sourceTree = "<group>"; };
		0D9465D522A7DDB300F8F396 /* zh-Hans */ = {isa = PBXFileReference; lastKnownFileType = text.plist.strings; name = "zh-Hans"; path = "zh-Hans.lproj/LaunchScreen.strings"; sourceTree = "<group>"; };
		0D9465D722A7DDBA00F8F396 /* en */ = {isa = PBXFileReference; lastKnownFileType = text.plist.strings; name = en; path = en.lproj/Localizable.strings; sourceTree = "<group>"; };
		0D9465D922A7DDBE00F8F396 /* zh-Hans */ = {isa = PBXFileReference; lastKnownFileType = text.plist.strings; name = "zh-Hans"; path = "zh-Hans.lproj/Localizable.strings"; sourceTree = "<group>"; };
		0D9465DD22A8B4A000F8F396 /* en */ = {isa = PBXFileReference; lastKnownFileType = text.plist.strings; name = en; path = en.lproj/Filters.strings; sourceTree = "<group>"; };
		0D9465DF22A8B4A300F8F396 /* zh-Hans */ = {isa = PBXFileReference; lastKnownFileType = text.plist.strings; name = "zh-Hans"; path = "zh-Hans.lproj/Filters.strings"; sourceTree = "<group>"; };
		0D9465E122A91BBD00F8F396 /* libiconv.tbd */ = {isa = PBXFileReference; lastKnownFileType = "sourcecode.text-based-dylib-definition"; name = libiconv.tbd; path = usr/lib/libiconv.tbd; sourceTree = SDKROOT; };
		0DF9C9F122AD618E0004D07F /* CTAssetSelectionLabel.m */ = {isa = PBXFileReference; fileEncoding = 4; lastKnownFileType = sourcecode.c.objc; path = CTAssetSelectionLabel.m; sourceTree = "<group>"; };
		0DF9C9F222AD618E0004D07F /* CTAssetsGridViewCell.m */ = {isa = PBXFileReference; fileEncoding = 4; lastKnownFileType = sourcecode.c.objc; path = CTAssetsGridViewCell.m; sourceTree = "<group>"; };
		0DF9C9F322AD618E0004D07F /* CTAssetItemViewController.m */ = {isa = PBXFileReference; fileEncoding = 4; lastKnownFileType = sourcecode.c.objc; path = CTAssetItemViewController.m; sourceTree = "<group>"; };
		0DF9C9F422AD618E0004D07F /* CTAssetsGridViewFooter.h */ = {isa = PBXFileReference; fileEncoding = 4; lastKnownFileType = sourcecode.c.h; path = CTAssetsGridViewFooter.h; sourceTree = "<group>"; };
		0DF9C9F522AD618E0004D07F /* CTAssetsPickerNoAssetsView.m */ = {isa = PBXFileReference; fileEncoding = 4; lastKnownFileType = sourcecode.c.objc; path = CTAssetsPickerNoAssetsView.m; sourceTree = "<group>"; };
		0DF9C9F622AD618E0004D07F /* CTAssetScrollView.m */ = {isa = PBXFileReference; fileEncoding = 4; lastKnownFileType = sourcecode.c.objc; path = CTAssetScrollView.m; sourceTree = "<group>"; };
		0DF9C9F722AD618E0004D07F /* CTAssetThumbnailStacks.m */ = {isa = PBXFileReference; fileEncoding = 4; lastKnownFileType = sourcecode.c.objc; path = CTAssetThumbnailStacks.m; sourceTree = "<group>"; };
		0DF9C9F822AD618E0004D07F /* CTAssetsPageView.m */ = {isa = PBXFileReference; fileEncoding = 4; lastKnownFileType = sourcecode.c.objc; path = CTAssetsPageView.m; sourceTree = "<group>"; };
		0DF9C9F922AD618E0004D07F /* CTAssetsGridSelectedView.h */ = {isa = PBXFileReference; fileEncoding = 4; lastKnownFileType = sourcecode.c.h; path = CTAssetsGridSelectedView.h; sourceTree = "<group>"; };
		0DF9C9FA22AD618E0004D07F /* CTAssetsViewControllerTransition.h */ = {isa = PBXFileReference; fileEncoding = 4; lastKnownFileType = sourcecode.c.h; path = CTAssetsViewControllerTransition.h; sourceTree = "<group>"; };
		0DF9C9FB22AD618E0004D07F /* CTAssetsPageViewController.m */ = {isa = PBXFileReference; fileEncoding = 4; lastKnownFileType = sourcecode.c.objc; path = CTAssetsPageViewController.m; sourceTree = "<group>"; };
		0DF9C9FC22AD618E0004D07F /* CTAssetsPickerDefines.h */ = {isa = PBXFileReference; fileEncoding = 4; lastKnownFileType = sourcecode.c.h; path = CTAssetsPickerDefines.h; sourceTree = "<group>"; };
		0DF9C9FD22AD618E0004D07F /* CTAssetsNavigationController.m */ = {isa = PBXFileReference; fileEncoding = 4; lastKnownFileType = sourcecode.c.objc; path = CTAssetsNavigationController.m; sourceTree = "<group>"; };
		0DF9C9FE22AD618E0004D07F /* CTAssetCollectionViewCell.h */ = {isa = PBXFileReference; fileEncoding = 4; lastKnownFileType = sourcecode.c.h; path = CTAssetCollectionViewCell.h; sourceTree = "<group>"; };
		0DF9C9FF22AD618E0004D07F /* CTAssetsPickerController.h */ = {isa = PBXFileReference; fileEncoding = 4; lastKnownFileType = sourcecode.c.h; path = CTAssetsPickerController.h; sourceTree = "<group>"; };
		0DF9CA0022AD618E0004D07F /* CTAssetsGridViewLayout.m */ = {isa = PBXFileReference; fileEncoding = 4; lastKnownFileType = sourcecode.c.objc; path = CTAssetsGridViewLayout.m; sourceTree = "<group>"; };
		0DF9CA0122AD618E0004D07F /* CTAssetThumbnailView.h */ = {isa = PBXFileReference; fileEncoding = 4; lastKnownFileType = sourcecode.c.h; path = CTAssetThumbnailView.h; sourceTree = "<group>"; };
		0DF9CA0222AD618E0004D07F /* CTAssetCheckmark.h */ = {isa = PBXFileReference; fileEncoding = 4; lastKnownFileType = sourcecode.c.h; path = CTAssetCheckmark.h; sourceTree = "<group>"; };
		0DF9CA0322AD618E0004D07F /* CTAssetsGridView.m */ = {isa = PBXFileReference; fileEncoding = 4; lastKnownFileType = sourcecode.c.objc; path = CTAssetsGridView.m; sourceTree = "<group>"; };
		0DF9CA0622AD618E0004D07F /* de */ = {isa = PBXFileReference; lastKnownFileType = text.plist.strings; name = de; path = de.lproj/CTAssetsPicker.strings; sourceTree = "<group>"; };
		0DF9CA0722AD618E0004D07F /* he */ = {isa = PBXFileReference; lastKnownFileType = text.plist.strings; name = he; path = he.lproj/CTAssetsPicker.strings; sourceTree = "<group>"; };
		0DF9CA0822AD618E0004D07F /* ar */ = {isa = PBXFileReference; lastKnownFileType = text.plist.strings; name = ar; path = ar.lproj/CTAssetsPicker.strings; sourceTree = "<group>"; };
		0DF9CA0922AD618E0004D07F /* zh-Hans */ = {isa = PBXFileReference; lastKnownFileType = text.plist.strings; name = "zh-Hans"; path = "zh-Hans.lproj/CTAssetsPicker.strings"; sourceTree = "<group>"; };
		0DF9CA0A22AD618E0004D07F /* ja */ = {isa = PBXFileReference; lastKnownFileType = text.plist.strings; name = ja; path = ja.lproj/CTAssetsPicker.strings; sourceTree = "<group>"; };
		0DF9CA0B22AD618E0004D07F /* en */ = {isa = PBXFileReference; lastKnownFileType = text.plist.strings; name = en; path = en.lproj/CTAssetsPicker.strings; sourceTree = "<group>"; };
		0DF9CA0C22AD618E0004D07F /* es */ = {isa = PBXFileReference; lastKnownFileType = text.plist.strings; name = es; path = es.lproj/CTAssetsPicker.strings; sourceTree = "<group>"; };
		0DF9CA0D22AD618E0004D07F /* da */ = {isa = PBXFileReference; lastKnownFileType = text.plist.strings; name = da; path = da.lproj/CTAssetsPicker.strings; sourceTree = "<group>"; };
		0DF9CA0E22AD618E0004D07F /* it */ = {isa = PBXFileReference; lastKnownFileType = text.plist.strings; name = it; path = it.lproj/CTAssetsPicker.strings; sourceTree = "<group>"; };
		0DF9CA0F22AD618E0004D07F /* sv */ = {isa = PBXFileReference; lastKnownFileType = text.plist.strings; name = sv; path = sv.lproj/CTAssetsPicker.strings; sourceTree = "<group>"; };
		0DF9CA1022AD618E0004D07F /* ko */ = {isa = PBXFileReference; lastKnownFileType = text.plist.strings; name = ko; path = ko.lproj/CTAssetsPicker.strings; sourceTree = "<group>"; };
		0DF9CA1122AD618E0004D07F /* zh-Hant */ = {isa = PBXFileReference; lastKnownFileType = text.plist.strings; name = "zh-Hant"; path = "zh-Hant.lproj/CTAssetsPicker.strings"; sourceTree = "<group>"; };
		0DF9CA1222AD618E0004D07F /* hu */ = {isa = PBXFileReference; lastKnownFileType = text.plist.strings; name = hu; path = hu.lproj/CTAssetsPicker.strings; sourceTree = "<group>"; };
		0DF9CA1322AD618E0004D07F /* hi-IN */ = {isa = PBXFileReference; lastKnownFileType = text.plist.strings; name = "hi-IN"; path = "hi-IN.lproj/CTAssetsPicker.strings"; sourceTree = "<group>"; };
		0DF9CA1422AD618E0004D07F /* tr */ = {isa = PBXFileReference; lastKnownFileType = text.plist.strings; name = tr; path = tr.lproj/CTAssetsPicker.strings; sourceTree = "<group>"; };
		0DF9CA1522AD618E0004D07F /* nl-NL */ = {isa = PBXFileReference; lastKnownFileType = text.plist.strings; name = "nl-NL"; path = "nl-NL.lproj/CTAssetsPicker.strings"; sourceTree = "<group>"; };
		0DF9CA1622AD618E0004D07F /* es-MX */ = {isa = PBXFileReference; lastKnownFileType = text.plist.strings; name = "es-MX"; path = "es-MX.lproj/CTAssetsPicker.strings"; sourceTree = "<group>"; };
		0DF9CA1722AD618E0004D07F /* ru */ = {isa = PBXFileReference; lastKnownFileType = text.plist.strings; name = ru; path = ru.lproj/CTAssetsPicker.strings; sourceTree = "<group>"; };
		0DF9CA1822AD618E0004D07F /* fr */ = {isa = PBXFileReference; lastKnownFileType = text.plist.strings; name = fr; path = fr.lproj/CTAssetsPicker.strings; sourceTree = "<group>"; };
		0DF9CA1922AD618E0004D07F /* fi */ = {isa = PBXFileReference; lastKnownFileType = text.plist.strings; name = fi; path = fi.lproj/CTAssetsPicker.strings; sourceTree = "<group>"; };
		0DF9CA1A22AD618E0004D07F /* id */ = {isa = PBXFileReference; lastKnownFileType = text.plist.strings; name = id; path = id.lproj/CTAssetsPicker.strings; sourceTree = "<group>"; };
		0DF9CA1B22AD618E0004D07F /* nl */ = {isa = PBXFileReference; lastKnownFileType = text.plist.strings; name = nl; path = nl.lproj/CTAssetsPicker.strings; sourceTree = "<group>"; };
		0DF9CA1C22AD618E0004D07F /* pt */ = {isa = PBXFileReference; lastKnownFileType = text.plist.strings; name = pt; path = pt.lproj/CTAssetsPicker.strings; sourceTree = "<group>"; };
		0DF9CA1D22AD618E0004D07F /* pt-PT */ = {isa = PBXFileReference; lastKnownFileType = text.plist.strings; name = "pt-PT"; path = "pt-PT.lproj/CTAssetsPicker.strings"; sourceTree = "<group>"; };
		0DF9CA1E22AD618E0004D07F /* CTAssetsPicker.xcassets */ = {isa = PBXFileReference; lastKnownFileType = folder.assetcatalog; path = CTAssetsPicker.xcassets; sourceTree = "<group>"; };
		0DF9CA1F22AD618E0004D07F /* CTAssetThumbnailOverlay.m */ = {isa = PBXFileReference; fileEncoding = 4; lastKnownFileType = sourcecode.c.objc; path = CTAssetThumbnailOverlay.m; sourceTree = "<group>"; };
		0DF9CA2022AD618E0004D07F /* CTAssetsPickerAccessDeniedView.m */ = {isa = PBXFileReference; fileEncoding = 4; lastKnownFileType = sourcecode.c.objc; path = CTAssetsPickerAccessDeniedView.m; sourceTree = "<group>"; };
		0DF9CA2122AD618E0004D07F /* CTAssetCollectionViewController.m */ = {isa = PBXFileReference; fileEncoding = 4; lastKnownFileType = sourcecode.c.objc; path = CTAssetCollectionViewController.m; sourceTree = "<group>"; };
		0DF9CA2222AD618E0004D07F /* CTAssetPlayButton.h */ = {isa = PBXFileReference; fileEncoding = 4; lastKnownFileType = sourcecode.c.h; path = CTAssetPlayButton.h; sourceTree = "<group>"; };
		0DF9CA2322AD618E0004D07F /* CTAssetsGridViewController.h */ = {isa = PBXFileReference; fileEncoding = 4; lastKnownFileType = sourcecode.c.h; path = CTAssetsGridViewController.h; sourceTree = "<group>"; };
		0DF9CA2422AD618E0004D07F /* CTAssetSelectionButton.h */ = {isa = PBXFileReference; fileEncoding = 4; lastKnownFileType = sourcecode.c.h; path = CTAssetSelectionButton.h; sourceTree = "<group>"; };
		0DF9CA2522AD618E0004D07F /* CTAssetsViewControllerTransition.m */ = {isa = PBXFileReference; fileEncoding = 4; lastKnownFileType = sourcecode.c.objc; path = CTAssetsViewControllerTransition.m; sourceTree = "<group>"; };
		0DF9CA2622AD618E0004D07F /* CTAssetsGridSelectedView.m */ = {isa = PBXFileReference; fileEncoding = 4; lastKnownFileType = sourcecode.c.objc; path = CTAssetsGridSelectedView.m; sourceTree = "<group>"; };
		0DF9CA2722AD618E0004D07F /* CTAssetsPageView.h */ = {isa = PBXFileReference; fileEncoding = 4; lastKnownFileType = sourcecode.c.h; path = CTAssetsPageView.h; sourceTree = "<group>"; };
		0DF9CA2822AD618E0004D07F /* CTAssetScrollView.h */ = {isa = PBXFileReference; fileEncoding = 4; lastKnownFileType = sourcecode.c.h; path = CTAssetScrollView.h; sourceTree = "<group>"; };
		0DF9CA2922AD618E0004D07F /* CTAssetThumbnailStacks.h */ = {isa = PBXFileReference; fileEncoding = 4; lastKnownFileType = sourcecode.c.h; path = CTAssetThumbnailStacks.h; sourceTree = "<group>"; };
		0DF9CA2A22AD618E0004D07F /* CTAssetsPickerNoAssetsView.h */ = {isa = PBXFileReference; fileEncoding = 4; lastKnownFileType = sourcecode.c.h; path = CTAssetsPickerNoAssetsView.h; sourceTree = "<group>"; };
		0DF9CA2B22AD618E0004D07F /* CTAssetItemViewController.h */ = {isa = PBXFileReference; fileEncoding = 4; lastKnownFileType = sourcecode.c.h; path = CTAssetItemViewController.h; sourceTree = "<group>"; };
		0DF9CA2C22AD618E0004D07F /* CTAssetsGridViewFooter.m */ = {isa = PBXFileReference; fileEncoding = 4; lastKnownFileType = sourcecode.c.objc; path = CTAssetsGridViewFooter.m; sourceTree = "<group>"; };
		0DF9CA2D22AD618E0004D07F /* CTAssetsGridViewCell.h */ = {isa = PBXFileReference; fileEncoding = 4; lastKnownFileType = sourcecode.c.h; path = CTAssetsGridViewCell.h; sourceTree = "<group>"; };
		0DF9CA2E22AD618E0004D07F /* CTAssetSelectionLabel.h */ = {isa = PBXFileReference; fileEncoding = 4; lastKnownFileType = sourcecode.c.h; path = CTAssetSelectionLabel.h; sourceTree = "<group>"; };
		0DF9CA2F22AD618E0004D07F /* CTAssetCheckmark.m */ = {isa = PBXFileReference; fileEncoding = 4; lastKnownFileType = sourcecode.c.objc; path = CTAssetCheckmark.m; sourceTree = "<group>"; };
		0DF9CA3022AD618E0004D07F /* CTAssetThumbnailView.m */ = {isa = PBXFileReference; fileEncoding = 4; lastKnownFileType = sourcecode.c.objc; path = CTAssetThumbnailView.m; sourceTree = "<group>"; };
		0DF9CA3122AD618E0004D07F /* CTAssetsGridViewLayout.h */ = {isa = PBXFileReference; fileEncoding = 4; lastKnownFileType = sourcecode.c.h; path = CTAssetsGridViewLayout.h; sourceTree = "<group>"; };
		0DF9CA3222AD618E0004D07F /* CTAssetsPickerController.m */ = {isa = PBXFileReference; fileEncoding = 4; lastKnownFileType = sourcecode.c.objc; path = CTAssetsPickerController.m; sourceTree = "<group>"; };
		0DF9CA3322AD618E0004D07F /* CTAssetCollectionViewCell.m */ = {isa = PBXFileReference; fileEncoding = 4; lastKnownFileType = sourcecode.c.objc; path = CTAssetCollectionViewCell.m; sourceTree = "<group>"; };
		0DF9CA3422AD618E0004D07F /* CTAssetsNavigationController.h */ = {isa = PBXFileReference; fileEncoding = 4; lastKnownFileType = sourcecode.c.h; path = CTAssetsNavigationController.h; sourceTree = "<group>"; };
		0DF9CA3522AD618E0004D07F /* CTAssetsPageViewController.h */ = {isa = PBXFileReference; fileEncoding = 4; lastKnownFileType = sourcecode.c.h; path = CTAssetsPageViewController.h; sourceTree = "<group>"; };
		0DF9CA3622AD618E0004D07F /* CTAssetsPickerAccessDeniedView.h */ = {isa = PBXFileReference; fileEncoding = 4; lastKnownFileType = sourcecode.c.h; path = CTAssetsPickerAccessDeniedView.h; sourceTree = "<group>"; };
		0DF9CA3722AD618E0004D07F /* CTAssetCollectionViewController.h */ = {isa = PBXFileReference; fileEncoding = 4; lastKnownFileType = sourcecode.c.h; path = CTAssetCollectionViewController.h; sourceTree = "<group>"; };
		0DF9CA3822AD618E0004D07F /* CTAssetThumbnailOverlay.h */ = {isa = PBXFileReference; fileEncoding = 4; lastKnownFileType = sourcecode.c.h; path = CTAssetThumbnailOverlay.h; sourceTree = "<group>"; };
		0DF9CA3922AD618E0004D07F /* CTAssetsGridView.h */ = {isa = PBXFileReference; fileEncoding = 4; lastKnownFileType = sourcecode.c.h; path = CTAssetsGridView.h; sourceTree = "<group>"; };
		0DF9CA3B22AD618F0004D07F /* PHAssetCollection+CTAssetsPickerController.m */ = {isa = PBXFileReference; fileEncoding = 4; lastKnownFileType = sourcecode.c.objc; path = "PHAssetCollection+CTAssetsPickerController.m"; sourceTree = "<group>"; };
		0DF9CA3C22AD618F0004D07F /* UICollectionView+CTAssetsPickerController.h */ = {isa = PBXFileReference; fileEncoding = 4; lastKnownFileType = sourcecode.c.h; path = "UICollectionView+CTAssetsPickerController.h"; sourceTree = "<group>"; };
		0DF9CA3D22AD618F0004D07F /* PHAsset+CTAssetsPickerController.h */ = {isa = PBXFileReference; fileEncoding = 4; lastKnownFileType = sourcecode.c.h; path = "PHAsset+CTAssetsPickerController.h"; sourceTree = "<group>"; };
		0DF9CA3E22AD618F0004D07F /* UIImage+CTAssetsPickerController.m */ = {isa = PBXFileReference; fileEncoding = 4; lastKnownFileType = sourcecode.c.objc; path = "UIImage+CTAssetsPickerController.m"; sourceTree = "<group>"; };
		0DF9CA3F22AD618F0004D07F /* NSNumberFormatter+CTAssetsPickerController.m */ = {isa = PBXFileReference; fileEncoding = 4; lastKnownFileType = sourcecode.c.objc; path = "NSNumberFormatter+CTAssetsPickerController.m"; sourceTree = "<group>"; };
		0DF9CA4022AD618F0004D07F /* NSIndexSet+CTAssetsPickerController.h */ = {isa = PBXFileReference; fileEncoding = 4; lastKnownFileType = sourcecode.c.h; path = "NSIndexSet+CTAssetsPickerController.h"; sourceTree = "<group>"; };
		0DF9CA4122AD618F0004D07F /* PHImageManager+CTAssetsPickerController.h */ = {isa = PBXFileReference; fileEncoding = 4; lastKnownFileType = sourcecode.c.h; path = "PHImageManager+CTAssetsPickerController.h"; sourceTree = "<group>"; };
		0DF9CA4222AD618F0004D07F /* NSDateFormatter+CTAssetsPickerController.h */ = {isa = PBXFileReference; fileEncoding = 4; lastKnownFileType = sourcecode.c.h; path = "NSDateFormatter+CTAssetsPickerController.h"; sourceTree = "<group>"; };
		0DF9CA4322AD618F0004D07F /* NSBundle+CTAssetsPickerController.m */ = {isa = PBXFileReference; fileEncoding = 4; lastKnownFileType = sourcecode.c.objc; path = "NSBundle+CTAssetsPickerController.m"; sourceTree = "<group>"; };
		0DF9CA4422AD618F0004D07F /* UICollectionView+CTAssetsPickerController.m */ = {isa = PBXFileReference; fileEncoding = 4; lastKnownFileType = sourcecode.c.objc; path = "UICollectionView+CTAssetsPickerController.m"; sourceTree = "<group>"; };
		0DF9CA4522AD618F0004D07F /* PHAssetCollection+CTAssetsPickerController.h */ = {isa = PBXFileReference; fileEncoding = 4; lastKnownFileType = sourcecode.c.h; path = "PHAssetCollection+CTAssetsPickerController.h"; sourceTree = "<group>"; };
		0DF9CA4622AD618F0004D07F /* CTAssetsPageViewController+Internal.h */ = {isa = PBXFileReference; fileEncoding = 4; lastKnownFileType = sourcecode.c.h; path = "CTAssetsPageViewController+Internal.h"; sourceTree = "<group>"; };
		0DF9CA4722AD618F0004D07F /* UIImage+CTAssetsPickerController.h */ = {isa = PBXFileReference; fileEncoding = 4; lastKnownFileType = sourcecode.c.h; path = "UIImage+CTAssetsPickerController.h"; sourceTree = "<group>"; };
		0DF9CA4822AD618F0004D07F /* NSNumberFormatter+CTAssetsPickerController.h */ = {isa = PBXFileReference; fileEncoding = 4; lastKnownFileType = sourcecode.c.h; path = "NSNumberFormatter+CTAssetsPickerController.h"; sourceTree = "<group>"; };
		0DF9CA4922AD618F0004D07F /* PHAsset+CTAssetsPickerController.m */ = {isa = PBXFileReference; fileEncoding = 4; lastKnownFileType = sourcecode.c.objc; path = "PHAsset+CTAssetsPickerController.m"; sourceTree = "<group>"; };
		0DF9CA4A22AD618F0004D07F /* CTAssetsPickerController+Internal.h */ = {isa = PBXFileReference; fileEncoding = 4; lastKnownFileType = sourcecode.c.h; path = "CTAssetsPickerController+Internal.h"; sourceTree = "<group>"; };
		0DF9CA4B22AD618F0004D07F /* NSIndexSet+CTAssetsPickerController.m */ = {isa = PBXFileReference; fileEncoding = 4; lastKnownFileType = sourcecode.c.objc; path = "NSIndexSet+CTAssetsPickerController.m"; sourceTree = "<group>"; };
		0DF9CA4C22AD618F0004D07F /* NSBundle+CTAssetsPickerController.h */ = {isa = PBXFileReference; fileEncoding = 4; lastKnownFileType = sourcecode.c.h; path = "NSBundle+CTAssetsPickerController.h"; sourceTree = "<group>"; };
		0DF9CA4D22AD618F0004D07F /* NSDateFormatter+CTAssetsPickerController.m */ = {isa = PBXFileReference; fileEncoding = 4; lastKnownFileType = sourcecode.c.objc; path = "NSDateFormatter+CTAssetsPickerController.m"; sourceTree = "<group>"; };
		0DF9CA4E22AD618F0004D07F /* PHImageManager+CTAssetsPickerController.m */ = {isa = PBXFileReference; fileEncoding = 4; lastKnownFileType = sourcecode.c.objc; path = "PHImageManager+CTAssetsPickerController.m"; sourceTree = "<group>"; };
		0DF9CA4F22AD618F0004D07F /* CTAssetSelectionButton.m */ = {isa = PBXFileReference; fileEncoding = 4; lastKnownFileType = sourcecode.c.objc; path = CTAssetSelectionButton.m; sourceTree = "<group>"; };
		0DF9CA5022AD618F0004D07F /* CTAssetsGridViewController.m */ = {isa = PBXFileReference; fileEncoding = 4; lastKnownFileType = sourcecode.c.objc; path = CTAssetsGridViewController.m; sourceTree = "<group>"; };
		0DF9CA5122AD618F0004D07F /* CTAssetPlayButton.m */ = {isa = PBXFileReference; fileEncoding = 4; lastKnownFileType = sourcecode.c.objc; path = CTAssetPlayButton.m; sourceTree = "<group>"; };
		101136C360DDD0DFF7414018 /* Pods-XWCamera.debug.xcconfig */ = {isa = PBXFileReference; includeInIndex = 1; lastKnownFileType = text.xcconfig; name = "Pods-XWCamera.debug.xcconfig"; path = "Target Support Files/Pods-XWCamera/Pods-XWCamera.debug.xcconfig"; sourceTree = "<group>"; };
		43638464D2D2FE13229FF86E /* libPods-XWCamera.a */ = {isa = PBXFileReference; explicitFileType = archive.ar; includeInIndex = 0; path = "libPods-XWCamera.a"; sourceTree = BUILT_PRODUCTS_DIR; };
		6D827B0DE53EDC84A594B08B /* Pods-XWCamera.release.xcconfig */ = {isa = PBXFileReference; includeInIndex = 1; lastKnownFileType = text.xcconfig; name = "Pods-XWCamera.release.xcconfig"; path = "Target Support Files/Pods-XWCamera/Pods-XWCamera.release.xcconfig"; sourceTree = "<group>"; };
/* End PBXFileReference section */

/* Begin PBXFrameworksBuildPhase section */
		0D94657322A76C4400F8F396 /* Frameworks */ = {
			isa = PBXFrameworksBuildPhase;
			buildActionMask = 2147483647;
			files = (
				0D9465E222A91BBD00F8F396 /* libiconv.tbd in Frameworks */,
				A5B0FFAED934F72294326C99 /* libPods-XWCamera.a in Frameworks */,
			);
			runOnlyForDeploymentPostprocessing = 0;
		};
		0D94658E22A76C4500F8F396 /* Frameworks */ = {
			isa = PBXFrameworksBuildPhase;
			buildActionMask = 2147483647;
			files = (
			);
			runOnlyForDeploymentPostprocessing = 0;
		};
		0D94659922A76C4500F8F396 /* Frameworks */ = {
			isa = PBXFrameworksBuildPhase;
			buildActionMask = 2147483647;
			files = (
			);
			runOnlyForDeploymentPostprocessing = 0;
		};
/* End PBXFrameworksBuildPhase section */

/* Begin PBXGroup section */
		01110F4123895B5C688D844B /* Pods */ = {
			isa = PBXGroup;
			children = (
				101136C360DDD0DFF7414018 /* Pods-XWCamera.debug.xcconfig */,
				6D827B0DE53EDC84A594B08B /* Pods-XWCamera.release.xcconfig */,
			);
			path = Pods;
			sourceTree = "<group>";
		};
		0D94656D22A76C4400F8F396 = {
			isa = PBXGroup;
			children = (
				0DF9C9F022AD618E0004D07F /* CTAssetsPickerController */,
				0D94657822A76C4400F8F396 /* XWCamera */,
				0D94659422A76C4500F8F396 /* XWCameraTests */,
				0D94659F22A76C4500F8F396 /* XWCameraUITests */,
				0D94657722A76C4400F8F396 /* Products */,
				0D9465E022A91BBD00F8F396 /* Frameworks */,
				01110F4123895B5C688D844B /* Pods */,
			);
			sourceTree = "<group>";
		};
		0D94657722A76C4400F8F396 /* Products */ = {
			isa = PBXGroup;
			children = (
				0D94657622A76C4400F8F396 /* XWCamera.app */,
				0D94659122A76C4500F8F396 /* XWCameraTests.xctest */,
				0D94659C22A76C4500F8F396 /* XWCameraUITests.xctest */,
			);
			name = Products;
			sourceTree = "<group>";
		};
		0D94657822A76C4400F8F396 /* XWCamera */ = {
			isa = PBXGroup;
			children = (
				0D94657922A76C4400F8F396 /* AppDelegate.h */,
				0D94657A22A76C4400F8F396 /* AppDelegate.m */,
				0D94657C22A76C4400F8F396 /* HomeViewController.h */,
				0D94657D22A76C4400F8F396 /* HomeViewController.m */,
				0D9465AE22A76E8200F8F396 /* XWPhotoPickerController.h */,
				0D9465AF22A76E8200F8F396 /* XWPhotoPickerController.m */,
				0D9465B122A76E9800F8F396 /* XWCameraViewController.h */,
				0D9465B222A76E9800F8F396 /* XWCameraViewController.m */,
				0D9465B422A76F0500F8F396 /* XWSetTableViewController.h */,
				0D9465B522A76F0500F8F396 /* XWSetTableViewController.m */,
				0D94657F22A76C4400F8F396 /* Main.storyboard */,
				0D94658522A76C4500F8F396 /* Assets.xcassets */,
				0D94658722A76C4500F8F396 /* LaunchScreen.storyboard */,
				0D94658A22A76C4500F8F396 /* Info.plist */,
				0D94658B22A76C4500F8F396 /* main.m */,
				0D94658222A76C4400F8F396 /* XWCamera.xcdatamodeld */,
			);
			path = XWCamera;
			sourceTree = "<group>";
		};
		0D94659422A76C4500F8F396 /* XWCameraTests */ = {
			isa = PBXGroup;
			children = (
				0D94659522A76C4500F8F396 /* XWCameraTests.m */,
				0D94659722A76C4500F8F396 /* Info.plist */,
				0D9465D822A7DDBA00F8F396 /* Localizable.strings */,
				0D9465DE22A8B4A000F8F396 /* Filters.strings */,
			);
			path = XWCameraTests;
			sourceTree = "<group>";
		};
		0D94659F22A76C4500F8F396 /* XWCameraUITests */ = {
			isa = PBXGroup;
			children = (
				0D9465A022A76C4500F8F396 /* XWCameraUITests.m */,
				0D9465A222A76C4500F8F396 /* Info.plist */,
			);
			path = XWCameraUITests;
			sourceTree = "<group>";
		};
		0D9465E022A91BBD00F8F396 /* Frameworks */ = {
			isa = PBXGroup;
			children = (
				0D9465E122A91BBD00F8F396 /* libiconv.tbd */,
				43638464D2D2FE13229FF86E /* libPods-XWCamera.a */,
			);
			name = Frameworks;
			sourceTree = "<group>";
		};
		0DF9C9F022AD618E0004D07F /* CTAssetsPickerController */ = {
			isa = PBXGroup;
			children = (
				0DF9C9F122AD618E0004D07F /* CTAssetSelectionLabel.m */,
				0DF9C9F222AD618E0004D07F /* CTAssetsGridViewCell.m */,
				0DF9C9F322AD618E0004D07F /* CTAssetItemViewController.m */,
				0DF9C9F422AD618E0004D07F /* CTAssetsGridViewFooter.h */,
				0DF9C9F522AD618E0004D07F /* CTAssetsPickerNoAssetsView.m */,
				0DF9C9F622AD618E0004D07F /* CTAssetScrollView.m */,
				0DF9C9F722AD618E0004D07F /* CTAssetThumbnailStacks.m */,
				0DF9C9F822AD618E0004D07F /* CTAssetsPageView.m */,
				0DF9C9F922AD618E0004D07F /* CTAssetsGridSelectedView.h */,
				0DF9C9FA22AD618E0004D07F /* CTAssetsViewControllerTransition.h */,
				0DF9C9FB22AD618E0004D07F /* CTAssetsPageViewController.m */,
				0DF9C9FC22AD618E0004D07F /* CTAssetsPickerDefines.h */,
				0DF9C9FD22AD618E0004D07F /* CTAssetsNavigationController.m */,
				0DF9C9FE22AD618E0004D07F /* CTAssetCollectionViewCell.h */,
				0DF9C9FF22AD618E0004D07F /* CTAssetsPickerController.h */,
				0DF9CA0022AD618E0004D07F /* CTAssetsGridViewLayout.m */,
				0DF9CA0122AD618E0004D07F /* CTAssetThumbnailView.h */,
				0DF9CA0222AD618E0004D07F /* CTAssetCheckmark.h */,
				0DF9CA0322AD618E0004D07F /* CTAssetsGridView.m */,
				0DF9CA0422AD618E0004D07F /* Resources */,
				0DF9CA1F22AD618E0004D07F /* CTAssetThumbnailOverlay.m */,
				0DF9CA2022AD618E0004D07F /* CTAssetsPickerAccessDeniedView.m */,
				0DF9CA2122AD618E0004D07F /* CTAssetCollectionViewController.m */,
				0DF9CA2222AD618E0004D07F /* CTAssetPlayButton.h */,
				0DF9CA2322AD618E0004D07F /* CTAssetsGridViewController.h */,
				0DF9CA2422AD618E0004D07F /* CTAssetSelectionButton.h */,
				0DF9CA2522AD618E0004D07F /* CTAssetsViewControllerTransition.m */,
				0DF9CA2622AD618E0004D07F /* CTAssetsGridSelectedView.m */,
				0DF9CA2722AD618E0004D07F /* CTAssetsPageView.h */,
				0DF9CA2822AD618E0004D07F /* CTAssetScrollView.h */,
				0DF9CA2922AD618E0004D07F /* CTAssetThumbnailStacks.h */,
				0DF9CA2A22AD618E0004D07F /* CTAssetsPickerNoAssetsView.h */,
				0DF9CA2B22AD618E0004D07F /* CTAssetItemViewController.h */,
				0DF9CA2C22AD618E0004D07F /* CTAssetsGridViewFooter.m */,
				0DF9CA2D22AD618E0004D07F /* CTAssetsGridViewCell.h */,
				0DF9CA2E22AD618E0004D07F /* CTAssetSelectionLabel.h */,
				0DF9CA2F22AD618E0004D07F /* CTAssetCheckmark.m */,
				0DF9CA3022AD618E0004D07F /* CTAssetThumbnailView.m */,
				0DF9CA3122AD618E0004D07F /* CTAssetsGridViewLayout.h */,
				0DF9CA3222AD618E0004D07F /* CTAssetsPickerController.m */,
				0DF9CA3322AD618E0004D07F /* CTAssetCollectionViewCell.m */,
				0DF9CA3422AD618E0004D07F /* CTAssetsNavigationController.h */,
				0DF9CA3522AD618E0004D07F /* CTAssetsPageViewController.h */,
				0DF9CA3622AD618E0004D07F /* CTAssetsPickerAccessDeniedView.h */,
				0DF9CA3722AD618E0004D07F /* CTAssetCollectionViewController.h */,
				0DF9CA3822AD618E0004D07F /* CTAssetThumbnailOverlay.h */,
				0DF9CA3922AD618E0004D07F /* CTAssetsGridView.h */,
				0DF9CA3A22AD618F0004D07F /* Categories */,
				0DF9CA4F22AD618F0004D07F /* CTAssetSelectionButton.m */,
				0DF9CA5022AD618F0004D07F /* CTAssetsGridViewController.m */,
				0DF9CA5122AD618F0004D07F /* CTAssetPlayButton.m */,
			);
			name = CTAssetsPickerController;
			path = "../../../Downloads/CTAssetsPickerController-master/CTAssetsPickerController";
			sourceTree = "<group>";
		};
		0DF9CA0422AD618E0004D07F /* Resources */ = {
			isa = PBXGroup;
			children = (
				0DF9CA0522AD618E0004D07F /* CTAssetsPicker.strings */,
				0DF9CA1E22AD618E0004D07F /* CTAssetsPicker.xcassets */,
			);
			path = Resources;
			sourceTree = "<group>";
		};
		0DF9CA3A22AD618F0004D07F /* Categories */ = {
			isa = PBXGroup;
			children = (
				0DF9CA3B22AD618F0004D07F /* PHAssetCollection+CTAssetsPickerController.m */,
				0DF9CA3C22AD618F0004D07F /* UICollectionView+CTAssetsPickerController.h */,
				0DF9CA3D22AD618F0004D07F /* PHAsset+CTAssetsPickerController.h */,
				0DF9CA3E22AD618F0004D07F /* UIImage+CTAssetsPickerController.m */,
				0DF9CA3F22AD618F0004D07F /* NSNumberFormatter+CTAssetsPickerController.m */,
				0DF9CA4022AD618F0004D07F /* NSIndexSet+CTAssetsPickerController.h */,
				0DF9CA4122AD618F0004D07F /* PHImageManager+CTAssetsPickerController.h */,
				0DF9CA4222AD618F0004D07F /* NSDateFormatter+CTAssetsPickerController.h */,
				0DF9CA4322AD618F0004D07F /* NSBundle+CTAssetsPickerController.m */,
				0DF9CA4422AD618F0004D07F /* UICollectionView+CTAssetsPickerController.m */,
				0DF9CA4522AD618F0004D07F /* PHAssetCollection+CTAssetsPickerController.h */,
				0DF9CA4622AD618F0004D07F /* CTAssetsPageViewController+Internal.h */,
				0DF9CA4722AD618F0004D07F /* UIImage+CTAssetsPickerController.h */,
				0DF9CA4822AD618F0004D07F /* NSNumberFormatter+CTAssetsPickerController.h */,
				0DF9CA4922AD618F0004D07F /* PHAsset+CTAssetsPickerController.m */,
				0DF9CA4A22AD618F0004D07F /* CTAssetsPickerController+Internal.h */,
				0DF9CA4B22AD618F0004D07F /* NSIndexSet+CTAssetsPickerController.m */,
				0DF9CA4C22AD618F0004D07F /* NSBundle+CTAssetsPickerController.h */,
				0DF9CA4D22AD618F0004D07F /* NSDateFormatter+CTAssetsPickerController.m */,
				0DF9CA4E22AD618F0004D07F /* PHImageManager+CTAssetsPickerController.m */,
			);
			path = Categories;
			sourceTree = "<group>";
		};
/* End PBXGroup section */

/* Begin PBXNativeTarget section */
		0D94657522A76C4400F8F396 /* XWCamera */ = {
			isa = PBXNativeTarget;
			buildConfigurationList = 0D9465A522A76C4500F8F396 /* Build configuration list for PBXNativeTarget "XWCamera" */;
			buildPhases = (
				65755DF857A74225154B1473 /* [CP] Check Pods Manifest.lock */,
				0D94657222A76C4400F8F396 /* Sources */,
				0D94657322A76C4400F8F396 /* Frameworks */,
				0D94657422A76C4400F8F396 /* Resources */,
				0C956C51B71F9F96E13C3F32 /* [CP] Copy Pods Resources */,
			);
			buildRules = (
			);
			dependencies = (
			);
			name = XWCamera;
			productName = XWCamera;
			productReference = 0D94657622A76C4400F8F396 /* XWCamera.app */;
			productType = "com.apple.product-type.application";
		};
		0D94659022A76C4500F8F396 /* XWCameraTests */ = {
			isa = PBXNativeTarget;
			buildConfigurationList = 0D9465A822A76C4500F8F396 /* Build configuration list for PBXNativeTarget "XWCameraTests" */;
			buildPhases = (
				0D94658D22A76C4500F8F396 /* Sources */,
				0D94658E22A76C4500F8F396 /* Frameworks */,
				0D94658F22A76C4500F8F396 /* Resources */,
			);
			buildRules = (
			);
			dependencies = (
				0D94659322A76C4500F8F396 /* PBXTargetDependency */,
			);
			name = XWCameraTests;
			productName = XWCameraTests;
			productReference = 0D94659122A76C4500F8F396 /* XWCameraTests.xctest */;
			productType = "com.apple.product-type.bundle.unit-test";
		};
		0D94659B22A76C4500F8F396 /* XWCameraUITests */ = {
			isa = PBXNativeTarget;
			buildConfigurationList = 0D9465AB22A76C4500F8F396 /* Build configuration list for PBXNativeTarget "XWCameraUITests" */;
			buildPhases = (
				0D94659822A76C4500F8F396 /* Sources */,
				0D94659922A76C4500F8F396 /* Frameworks */,
				0D94659A22A76C4500F8F396 /* Resources */,
			);
			buildRules = (
			);
			dependencies = (
				0D94659E22A76C4500F8F396 /* PBXTargetDependency */,
			);
			name = XWCameraUITests;
			productName = XWCameraUITests;
			productReference = 0D94659C22A76C4500F8F396 /* XWCameraUITests.xctest */;
			productType = "com.apple.product-type.bundle.ui-testing";
		};
/* End PBXNativeTarget section */

/* Begin PBXProject section */
		0D94656E22A76C4400F8F396 /* Project object */ = {
			isa = PBXProject;
			attributes = {
				CLASSPREFIX = XW;
				LastUpgradeCheck = 1020;
				ORGANIZATIONNAME = "vivi wu";
				TargetAttributes = {
					0D94657522A76C4400F8F396 = {
						CreatedOnToolsVersion = 10.2.1;
					};
					0D94659022A76C4500F8F396 = {
						CreatedOnToolsVersion = 10.2.1;
						TestTargetID = 0D94657522A76C4400F8F396;
					};
					0D94659B22A76C4500F8F396 = {
						CreatedOnToolsVersion = 10.2.1;
						TestTargetID = 0D94657522A76C4400F8F396;
					};
				};
			};
			buildConfigurationList = 0D94657122A76C4400F8F396 /* Build configuration list for PBXProject "XWCamera" */;
			compatibilityVersion = "Xcode 9.3";
			developmentRegion = en;
			hasScannedForEncodings = 0;
			knownRegions = (
				en,
				Base,
				"zh-Hans",
				de,
				he,
				ar,
				ja,
				es,
				da,
				it,
				sv,
				ko,
				"zh-Hant",
				hu,
				"hi-IN",
				tr,
				"nl-NL",
				"es-MX",
				ru,
				fr,
				fi,
				id,
				nl,
				pt,
				"pt-PT",
			);
			mainGroup = 0D94656D22A76C4400F8F396;
			productRefGroup = 0D94657722A76C4400F8F396 /* Products */;
			projectDirPath = "";
			projectRoot = "";
			targets = (
				0D94657522A76C4400F8F396 /* XWCamera */,
				0D94659022A76C4500F8F396 /* XWCameraTests */,
				0D94659B22A76C4500F8F396 /* XWCameraUITests */,
			);
		};
/* End PBXProject section */

/* Begin PBXResourcesBuildPhase section */
		0D94657422A76C4400F8F396 /* Resources */ = {
			isa = PBXResourcesBuildPhase;
			buildActionMask = 2147483647;
			files = (
				0DF9CA5E22AD618F0004D07F /* CTAssetsPicker.xcassets in Resources */,
				0D94658922A76C4500F8F396 /* LaunchScreen.storyboard in Resources */,
				0D94658622A76C4500F8F396 /* Assets.xcassets in Resources */,
				0DF9CA5D22AD618F0004D07F /* CTAssetsPicker.strings in Resources */,
				0D94658122A76C4400F8F396 /* Main.storyboard in Resources */,
			);
			runOnlyForDeploymentPostprocessing = 0;
		};
		0D94658F22A76C4500F8F396 /* Resources */ = {
			isa = PBXResourcesBuildPhase;
			buildActionMask = 2147483647;
			files = (
				0D9465DC22A8B4A000F8F396 /* Filters.strings in Resources */,
				0D9465D622A7DDBA00F8F396 /* Localizable.strings in Resources */,
			);
			runOnlyForDeploymentPostprocessing = 0;
		};
		0D94659A22A76C4500F8F396 /* Resources */ = {
			isa = PBXResourcesBuildPhase;
			buildActionMask = 2147483647;
			files = (
			);
			runOnlyForDeploymentPostprocessing = 0;
		};
/* End PBXResourcesBuildPhase section */

/* Begin PBXShellScriptBuildPhase section */
		0C956C51B71F9F96E13C3F32 /* [CP] Copy Pods Resources */ = {
			isa = PBXShellScriptBuildPhase;
			buildActionMask = 2147483647;
			files = (
			);
			inputFileListPaths = (
				"${PODS_ROOT}/Target Support Files/Pods-XWCamera/Pods-XWCamera-resources-${CONFIGURATION}-input-files.xcfilelist",
			);
			name = "[CP] Copy Pods Resources";
			outputFileListPaths = (
				"${PODS_ROOT}/Target Support Files/Pods-XWCamera/Pods-XWCamera-resources-${CONFIGURATION}-output-files.xcfilelist",
			);
			runOnlyForDeploymentPostprocessing = 0;
			shellPath = /bin/sh;
			shellScript = "\"${PODS_ROOT}/Target Support Files/Pods-XWCamera/Pods-XWCamera-resources.sh\"\n";
			showEnvVarsInLog = 0;
		};
		65755DF857A74225154B1473 /* [CP] Check Pods Manifest.lock */ = {
			isa = PBXShellScriptBuildPhase;
			buildActionMask = 2147483647;
			files = (
			);
			inputFileListPaths = (
			);
			inputPaths = (
				"${PODS_PODFILE_DIR_PATH}/Podfile.lock",
				"${PODS_ROOT}/Manifest.lock",
			);
			name = "[CP] Check Pods Manifest.lock";
			outputFileListPaths = (
			);
			outputPaths = (
				"$(DERIVED_FILE_DIR)/Pods-XWCamera-checkManifestLockResult.txt",
			);
			runOnlyForDeploymentPostprocessing = 0;
			shellPath = /bin/sh;
			shellScript = "diff \"${PODS_PODFILE_DIR_PATH}/Podfile.lock\" \"${PODS_ROOT}/Manifest.lock\" > /dev/null\nif [ $? != 0 ] ; then\n    # print error to STDERR\n    echo \"error: The sandbox is not in sync with the Podfile.lock. Run 'pod install' or update your CocoaPods installation.\" >&2\n    exit 1\nfi\n# This output is used by Xcode 'outputs' to avoid re-running this script phase.\necho \"SUCCESS\" > \"${SCRIPT_OUTPUT_FILE_0}\"\n";
			showEnvVarsInLog = 0;
		};
/* End PBXShellScriptBuildPhase section */

/* Begin PBXSourcesBuildPhase section */
		0D94657222A76C4400F8F396 /* Sources */ = {
			isa = PBXSourcesBuildPhase;
			buildActionMask = 2147483647;
			files = (
				0D94657E22A76C4400F8F396 /* HomeViewController.m in Sources */,
				0DF9CA5822AD618F0004D07F /* CTAssetsPageView.m in Sources */,
				0DF9CA6F22AD618F0004D07F /* NSIndexSet+CTAssetsPickerController.m in Sources */,
				0DF9CA7022AD618F0004D07F /* NSDateFormatter+CTAssetsPickerController.m in Sources */,
				0D9465B022A76E8200F8F396 /* XWPhotoPickerController.m in Sources */,
				0DF9CA6722AD618F0004D07F /* CTAssetsPickerController.m in Sources */,
				0D9465B322A76E9800F8F396 /* XWCameraViewController.m in Sources */,
				0DF9CA7422AD618F0004D07F /* CTAssetPlayButton.m in Sources */,
				0DF9CA5422AD618F0004D07F /* CTAssetItemViewController.m in Sources */,
				0DF9CA6422AD618F0004D07F /* CTAssetsGridViewFooter.m in Sources */,
				0D9465B622A76F0500F8F396 /* XWSetTableViewController.m in Sources */,
				0DF9CA5322AD618F0004D07F /* CTAssetsGridViewCell.m in Sources */,
				0DF9CA5A22AD618F0004D07F /* CTAssetsNavigationController.m in Sources */,
				0DF9CA5F22AD618F0004D07F /* CTAssetThumbnailOverlay.m in Sources */,
				0DF9CA6A22AD618F0004D07F /* UIImage+CTAssetsPickerController.m in Sources */,
				0DF9CA5722AD618F0004D07F /* CTAssetThumbnailStacks.m in Sources */,
				0DF9CA6022AD618F0004D07F /* CTAssetsPickerAccessDeniedView.m in Sources */,
				0DF9CA6B22AD618F0004D07F /* NSNumberFormatter+CTAssetsPickerController.m in Sources */,
				0D94658422A76C4400F8F396 /* XWCamera.xcdatamodeld in Sources */,
				0DF9CA6C22AD618F0004D07F /* NSBundle+CTAssetsPickerController.m in Sources */,
				0DF9CA7122AD618F0004D07F /* PHImageManager+CTAssetsPickerController.m in Sources */,
				0DF9CA6D22AD618F0004D07F /* UICollectionView+CTAssetsPickerController.m in Sources */,
				0DF9CA5C22AD618F0004D07F /* CTAssetsGridView.m in Sources */,
				0DF9CA6222AD618F0004D07F /* CTAssetsViewControllerTransition.m in Sources */,
				0D94658C22A76C4500F8F396 /* main.m in Sources */,
				0D94657B22A76C4400F8F396 /* AppDelegate.m in Sources */,
				0DF9CA6E22AD618F0004D07F /* PHAsset+CTAssetsPickerController.m in Sources */,
				0DF9CA6622AD618F0004D07F /* CTAssetThumbnailView.m in Sources */,
				0DF9CA5522AD618F0004D07F /* CTAssetsPickerNoAssetsView.m in Sources */,
				0DF9CA6822AD618F0004D07F /* CTAssetCollectionViewCell.m in Sources */,
				0DF9CA7322AD618F0004D07F /* CTAssetsGridViewController.m in Sources */,
				0DF9CA6522AD618F0004D07F /* CTAssetCheckmark.m in Sources */,
				0DF9CA7222AD618F0004D07F /* CTAssetSelectionButton.m in Sources */,
				0DF9CA6922AD618F0004D07F /* PHAssetCollection+CTAssetsPickerController.m in Sources */,
				0DF9CA5222AD618F0004D07F /* CTAssetSelectionLabel.m in Sources */,
				0DF9CA5922AD618F0004D07F /* CTAssetsPageViewController.m in Sources */,
				0DF9CA6122AD618F0004D07F /* CTAssetCollectionViewController.m in Sources */,
				0DF9CA6322AD618F0004D07F /* CTAssetsGridSelectedView.m in Sources */,
				0DF9CA5622AD618F0004D07F /* CTAssetScrollView.m in Sources */,
				0DF9CA5B22AD618F0004D07F /* CTAssetsGridViewLayout.m in Sources */,
			);
			runOnlyForDeploymentPostprocessing = 0;
		};
		0D94658D22A76C4500F8F396 /* Sources */ = {
			isa = PBXSourcesBuildPhase;
			buildActionMask = 2147483647;
			files = (
				0D94659622A76C4500F8F396 /* XWCameraTests.m in Sources */,
			);
			runOnlyForDeploymentPostprocessing = 0;
		};
		0D94659822A76C4500F8F396 /* Sources */ = {
			isa = PBXSourcesBuildPhase;
			buildActionMask = 2147483647;
			files = (
				0D9465A122A76C4500F8F396 /* XWCameraUITests.m in Sources */,
			);
			runOnlyForDeploymentPostprocessing = 0;
		};
/* End PBXSourcesBuildPhase section */

/* Begin PBXTargetDependency section */
		0D94659322A76C4500F8F396 /* PBXTargetDependency */ = {
			isa = PBXTargetDependency;
			target = 0D94657522A76C4400F8F396 /* XWCamera */;
			targetProxy = 0D94659222A76C4500F8F396 /* PBXContainerItemProxy */;
		};
		0D94659E22A76C4500F8F396 /* PBXTargetDependency */ = {
			isa = PBXTargetDependency;
			target = 0D94657522A76C4400F8F396 /* XWCamera */;
			targetProxy = 0D94659D22A76C4500F8F396 /* PBXContainerItemProxy */;
		};
/* End PBXTargetDependency section */

/* Begin PBXVariantGroup section */
		0D94657F22A76C4400F8F396 /* Main.storyboard */ = {
			isa = PBXVariantGroup;
			children = (
				0D94658022A76C4400F8F396 /* Base */,
				0D9465D422A7DDB300F8F396 /* zh-Hans */,
			);
			name = Main.storyboard;
			sourceTree = "<group>";
		};
		0D94658722A76C4500F8F396 /* LaunchScreen.storyboard */ = {
			isa = PBXVariantGroup;
			children = (
				0D94658822A76C4500F8F396 /* Base */,
				0D9465D522A7DDB300F8F396 /* zh-Hans */,
			);
			name = LaunchScreen.storyboard;
			sourceTree = "<group>";
		};
		0D9465D822A7DDBA00F8F396 /* Localizable.strings */ = {
			isa = PBXVariantGroup;
			children = (
				0D9465D722A7DDBA00F8F396 /* en */,
				0D9465D922A7DDBE00F8F396 /* zh-Hans */,
			);
			name = Localizable.strings;
			sourceTree = "<group>";
		};
		0D9465DE22A8B4A000F8F396 /* Filters.strings */ = {
			isa = PBXVariantGroup;
			children = (
				0D9465DD22A8B4A000F8F396 /* en */,
				0D9465DF22A8B4A300F8F396 /* zh-Hans */,
			);
			name = Filters.strings;
			sourceTree = "<group>";
		};
		0DF9CA0522AD618E0004D07F /* CTAssetsPicker.strings */ = {
			isa = PBXVariantGroup;
			children = (
				0DF9CA0622AD618E0004D07F /* de */,
				0DF9CA0722AD618E0004D07F /* he */,
				0DF9CA0822AD618E0004D07F /* ar */,
				0DF9CA0922AD618E0004D07F /* zh-Hans */,
				0DF9CA0A22AD618E0004D07F /* ja */,
				0DF9CA0B22AD618E0004D07F /* en */,
				0DF9CA0C22AD618E0004D07F /* es */,
				0DF9CA0D22AD618E0004D07F /* da */,
				0DF9CA0E22AD618E0004D07F /* it */,
				0DF9CA0F22AD618E0004D07F /* sv */,
				0DF9CA1022AD618E0004D07F /* ko */,
				0DF9CA1122AD618E0004D07F /* zh-Hant */,
				0DF9CA1222AD618E0004D07F /* hu */,
				0DF9CA1322AD618E0004D07F /* hi-IN */,
				0DF9CA1422AD618E0004D07F /* tr */,
				0DF9CA1522AD618E0004D07F /* nl-NL */,
				0DF9CA1622AD618E0004D07F /* es-MX */,
				0DF9CA1722AD618E0004D07F /* ru */,
				0DF9CA1822AD618E0004D07F /* fr */,
				0DF9CA1922AD618E0004D07F /* fi */,
				0DF9CA1A22AD618E0004D07F /* id */,
				0DF9CA1B22AD618E0004D07F /* nl */,
				0DF9CA1C22AD618E0004D07F /* pt */,
				0DF9CA1D22AD618E0004D07F /* pt-PT */,
			);
			name = CTAssetsPicker.strings;
			sourceTree = "<group>";
		};
/* End PBXVariantGroup section */

/* Begin XCBuildConfiguration section */
		0D9465A322A76C4500F8F396 /* Debug */ = {
			isa = XCBuildConfiguration;
			buildSettings = {
				ALWAYS_SEARCH_USER_PATHS = NO;
				CLANG_ANALYZER_LOCALIZABILITY_NONLOCALIZED = YES;
				CLANG_ANALYZER_NONNULL = YES;
				CLANG_ANALYZER_NUMBER_OBJECT_CONVERSION = YES_AGGRESSIVE;
				CLANG_CXX_LANGUAGE_STANDARD = "gnu++14";
				CLANG_CXX_LIBRARY = "libc++";
				CLANG_ENABLE_MODULES = YES;
				CLANG_ENABLE_OBJC_ARC = YES;
				CLANG_ENABLE_OBJC_WEAK = YES;
				CLANG_WARN_BLOCK_CAPTURE_AUTORELEASING = YES;
				CLANG_WARN_BOOL_CONVERSION = YES;
				CLANG_WARN_COMMA = YES;
				CLANG_WARN_CONSTANT_CONVERSION = YES;
				CLANG_WARN_DEPRECATED_OBJC_IMPLEMENTATIONS = YES;
				CLANG_WARN_DIRECT_OBJC_ISA_USAGE = YES_ERROR;
				CLANG_WARN_DOCUMENTATION_COMMENTS = YES;
				CLANG_WARN_EMPTY_BODY = YES;
				CLANG_WARN_ENUM_CONVERSION = YES;
				CLANG_WARN_INFINITE_RECURSION = YES;
				CLANG_WARN_INT_CONVERSION = YES;
				CLANG_WARN_NON_LITERAL_NULL_CONVERSION = YES;
				CLANG_WARN_OBJC_IMPLICIT_RETAIN_SELF = YES;
				CLANG_WARN_OBJC_LITERAL_CONVERSION = YES;
				CLANG_WARN_OBJC_ROOT_CLASS = YES_ERROR;
				CLANG_WARN_RANGE_LOOP_ANALYSIS = YES;
				CLANG_WARN_STRICT_PROTOTYPES = YES;
				CLANG_WARN_SUSPICIOUS_MOVE = YES;
				CLANG_WARN_UNGUARDED_AVAILABILITY = YES_AGGRESSIVE;
				CLANG_WARN_UNREACHABLE_CODE = YES;
				CLANG_WARN__DUPLICATE_METHOD_MATCH = YES;
				CODE_SIGN_IDENTITY = "iPhone Developer";
				COPY_PHASE_STRIP = NO;
				DEBUG_INFORMATION_FORMAT = dwarf;
				ENABLE_STRICT_OBJC_MSGSEND = YES;
				ENABLE_TESTABILITY = YES;
				GCC_C_LANGUAGE_STANDARD = gnu11;
				GCC_DYNAMIC_NO_PIC = NO;
				GCC_NO_COMMON_BLOCKS = YES;
				GCC_OPTIMIZATION_LEVEL = 0;
				GCC_PREPROCESSOR_DEFINITIONS = (
					"DEBUG=1",
					"$(inherited)",
				);
				GCC_WARN_64_TO_32_BIT_CONVERSION = YES;
				GCC_WARN_ABOUT_RETURN_TYPE = YES_ERROR;
				GCC_WARN_UNDECLARED_SELECTOR = YES;
				GCC_WARN_UNINITIALIZED_AUTOS = YES_AGGRESSIVE;
				GCC_WARN_UNUSED_FUNCTION = YES;
				GCC_WARN_UNUSED_VARIABLE = YES;
				IPHONEOS_DEPLOYMENT_TARGET = 9.0;
				MTL_ENABLE_DEBUG_INFO = INCLUDE_SOURCE;
				MTL_FAST_MATH = YES;
				ONLY_ACTIVE_ARCH = YES;
				SDKROOT = iphoneos;
			};
			name = Debug;
		};
		0D9465A422A76C4500F8F396 /* Release */ = {
			isa = XCBuildConfiguration;
			buildSettings = {
				ALWAYS_SEARCH_USER_PATHS = NO;
				CLANG_ANALYZER_LOCALIZABILITY_NONLOCALIZED = YES;
				CLANG_ANALYZER_NONNULL = YES;
				CLANG_ANALYZER_NUMBER_OBJECT_CONVERSION = YES_AGGRESSIVE;
				CLANG_CXX_LANGUAGE_STANDARD = "gnu++14";
				CLANG_CXX_LIBRARY = "libc++";
				CLANG_ENABLE_MODULES = YES;
				CLANG_ENABLE_OBJC_ARC = YES;
				CLANG_ENABLE_OBJC_WEAK = YES;
				CLANG_WARN_BLOCK_CAPTURE_AUTORELEASING = YES;
				CLANG_WARN_BOOL_CONVERSION = YES;
				CLANG_WARN_COMMA = YES;
				CLANG_WARN_CONSTANT_CONVERSION = YES;
				CLANG_WARN_DEPRECATED_OBJC_IMPLEMENTATIONS = YES;
				CLANG_WARN_DIRECT_OBJC_ISA_USAGE = YES_ERROR;
				CLANG_WARN_DOCUMENTATION_COMMENTS = YES;
				CLANG_WARN_EMPTY_BODY = YES;
				CLANG_WARN_ENUM_CONVERSION = YES;
				CLANG_WARN_INFINITE_RECURSION = YES;
				CLANG_WARN_INT_CONVERSION = YES;
				CLANG_WARN_NON_LITERAL_NULL_CONVERSION = YES;
				CLANG_WARN_OBJC_IMPLICIT_RETAIN_SELF = YES;
				CLANG_WARN_OBJC_LITERAL_CONVERSION = YES;
				CLANG_WARN_OBJC_ROOT_CLASS = YES_ERROR;
				CLANG_WARN_RANGE_LOOP_ANALYSIS = YES;
				CLANG_WARN_STRICT_PROTOTYPES = YES;
				CLANG_WARN_SUSPICIOUS_MOVE = YES;
				CLANG_WARN_UNGUARDED_AVAILABILITY = YES_AGGRESSIVE;
				CLANG_WARN_UNREACHABLE_CODE = YES;
				CLANG_WARN__DUPLICATE_METHOD_MATCH = YES;
				CODE_SIGN_IDENTITY = "iPhone Developer";
				COPY_PHASE_STRIP = NO;
				DEBUG_INFORMATION_FORMAT = "dwarf-with-dsym";
				ENABLE_NS_ASSERTIONS = NO;
				ENABLE_STRICT_OBJC_MSGSEND = YES;
				GCC_C_LANGUAGE_STANDARD = gnu11;
				GCC_NO_COMMON_BLOCKS = YES;
				GCC_WARN_64_TO_32_BIT_CONVERSION = YES;
				GCC_WARN_ABOUT_RETURN_TYPE = YES_ERROR;
				GCC_WARN_UNDECLARED_SELECTOR = YES;
				GCC_WARN_UNINITIALIZED_AUTOS = YES_AGGRESSIVE;
				GCC_WARN_UNUSED_FUNCTION = YES;
				GCC_WARN_UNUSED_VARIABLE = YES;
				IPHONEOS_DEPLOYMENT_TARGET = 9.0;
				MTL_ENABLE_DEBUG_INFO = NO;
				MTL_FAST_MATH = YES;
				SDKROOT = iphoneos;
				VALIDATE_PRODUCT = YES;
			};
			name = Release;
		};
		0D9465A622A76C4500F8F396 /* Debug */ = {
			isa = XCBuildConfiguration;
			baseConfigurationReference = 101136C360DDD0DFF7414018 /* Pods-XWCamera.debug.xcconfig */;
			buildSettings = {
				ASSETCATALOG_COMPILER_APPICON_NAME = AppIcon;
				CODE_SIGN_STYLE = Automatic;
				DEVELOPMENT_TEAM = ALAK6VG32W;
				INFOPLIST_FILE = XWCamera/Info.plist;
				IPHONEOS_DEPLOYMENT_TARGET = 9.0;
				LD_RUNPATH_SEARCH_PATHS = (
					"$(inherited)",
					"@executable_path/Frameworks",
				);
				PRODUCT_BUNDLE_IDENTIFIER = "com.qway.-";
				PRODUCT_NAME = "$(TARGET_NAME)";
				TARGETED_DEVICE_FAMILY = "1,2";
			};
			name = Debug;
		};
		0D9465A722A76C4500F8F396 /* Release */ = {
			isa = XCBuildConfiguration;
			baseConfigurationReference = 6D827B0DE53EDC84A594B08B /* Pods-XWCamera.release.xcconfig */;
			buildSettings = {
				ASSETCATALOG_COMPILER_APPICON_NAME = AppIcon;
				CODE_SIGN_STYLE = Automatic;
				DEVELOPMENT_TEAM = ALAK6VG32W;
				INFOPLIST_FILE = XWCamera/Info.plist;
				IPHONEOS_DEPLOYMENT_TARGET = 9.0;
				LD_RUNPATH_SEARCH_PATHS = (
					"$(inherited)",
					"@executable_path/Frameworks",
				);
				PRODUCT_BUNDLE_IDENTIFIER = "com.qway.-";
				PRODUCT_NAME = "$(TARGET_NAME)";
				TARGETED_DEVICE_FAMILY = "1,2";
			};
			name = Release;
		};
		0D9465A922A76C4500F8F396 /* Debug */ = {
			isa = XCBuildConfiguration;
			buildSettings = {
				BUNDLE_LOADER = "$(TEST_HOST)";
				CODE_SIGN_STYLE = Automatic;
				DEVELOPMENT_TEAM = ALAK6VG32W;
				INFOPLIST_FILE = XWCameraTests/Info.plist;
				LD_RUNPATH_SEARCH_PATHS = (
					"$(inherited)",
					"@executable_path/Frameworks",
					"@loader_path/Frameworks",
				);
				PRODUCT_BUNDLE_IDENTIFIER = com.qway.qchat.XWCameraTests;
				PRODUCT_NAME = "$(TARGET_NAME)";
				TARGETED_DEVICE_FAMILY = "1,2";
				TEST_HOST = "$(BUILT_PRODUCTS_DIR)/XWCamera.app/XWCamera";
			};
			name = Debug;
		};
		0D9465AA22A76C4500F8F396 /* Release */ = {
			isa = XCBuildConfiguration;
			buildSettings = {
				BUNDLE_LOADER = "$(TEST_HOST)";
				CODE_SIGN_STYLE = Automatic;
				DEVELOPMENT_TEAM = ALAK6VG32W;
				INFOPLIST_FILE = XWCameraTests/Info.plist;
				LD_RUNPATH_SEARCH_PATHS = (
					"$(inherited)",
					"@executable_path/Frameworks",
					"@loader_path/Frameworks",
				);
				PRODUCT_BUNDLE_IDENTIFIER = com.qway.qchat.XWCameraTests;
				PRODUCT_NAME = "$(TARGET_NAME)";
				TARGETED_DEVICE_FAMILY = "1,2";
				TEST_HOST = "$(BUILT_PRODUCTS_DIR)/XWCamera.app/XWCamera";
			};
			name = Release;
		};
		0D9465AC22A76C4500F8F396 /* Debug */ = {
			isa = XCBuildConfiguration;
			buildSettings = {
				CODE_SIGN_STYLE = Automatic;
				DEVELOPMENT_TEAM = ALAK6VG32W;
				INFOPLIST_FILE = XWCameraUITests/Info.plist;
				LD_RUNPATH_SEARCH_PATHS = (
					"$(inherited)",
					"@executable_path/Frameworks",
					"@loader_path/Frameworks",
				);
				PRODUCT_BUNDLE_IDENTIFIER = com.qway.qchat.XWCameraUITests;
				PRODUCT_NAME = "$(TARGET_NAME)";
				TARGETED_DEVICE_FAMILY = "1,2";
				TEST_TARGET_NAME = XWCamera;
			};
			name = Debug;
		};
		0D9465AD22A76C4500F8F396 /* Release */ = {
			isa = XCBuildConfiguration;
			buildSettings = {
				CODE_SIGN_STYLE = Automatic;
				DEVELOPMENT_TEAM = ALAK6VG32W;
				INFOPLIST_FILE = XWCameraUITests/Info.plist;
				LD_RUNPATH_SEARCH_PATHS = (
					"$(inherited)",
					"@executable_path/Frameworks",
					"@loader_path/Frameworks",
				);
				PRODUCT_BUNDLE_IDENTIFIER = com.qway.qchat.XWCameraUITests;
				PRODUCT_NAME = "$(TARGET_NAME)";
				TARGETED_DEVICE_FAMILY = "1,2";
				TEST_TARGET_NAME = XWCamera;
			};
			name = Release;
		};
/* End XCBuildConfiguration section */

/* Begin XCConfigurationList section */
		0D94657122A76C4400F8F396 /* Build configuration list for PBXProject "XWCamera" */ = {
			isa = XCConfigurationList;
			buildConfigurations = (
				0D9465A322A76C4500F8F396 /* Debug */,
				0D9465A422A76C4500F8F396 /* Release */,
			);
			defaultConfigurationIsVisible = 0;
			defaultConfigurationName = Release;
		};
		0D9465A522A76C4500F8F396 /* Build configuration list for PBXNativeTarget "XWCamera" */ = {
			isa = XCConfigurationList;
			buildConfigurations = (
				0D9465A622A76C4500F8F396 /* Debug */,
				0D9465A722A76C4500F8F396 /* Release */,
			);
			defaultConfigurationIsVisible = 0;
			defaultConfigurationName = Release;
		};
		0D9465A822A76C4500F8F396 /* Build configuration list for PBXNativeTarget "XWCameraTests" */ = {
			isa = XCConfigurationList;
			buildConfigurations = (
				0D9465A922A76C4500F8F396 /* Debug */,
				0D9465AA22A76C4500F8F396 /* Release */,
			);
			defaultConfigurationIsVisible = 0;
			defaultConfigurationName = Release;
		};
		0D9465AB22A76C4500F8F396 /* Build configuration list for PBXNativeTarget "XWCameraUITests" */ = {
			isa = XCConfigurationList;
			buildConfigurations = (
				0D9465AC22A76C4500F8F396 /* Debug */,
				0D9465AD22A76C4500F8F396 /* Release */,
			);
			defaultConfigurationIsVisible = 0;
			defaultConfigurationName = Release;
		};
/* End XCConfigurationList section */

/* Begin XCVersionGroup section */
		0D94658222A76C4400F8F396 /* XWCamera.xcdatamodeld */ = {
			isa = XCVersionGroup;
			children = (
				0D94658322A76C4400F8F396 /* XWCamera.xcdatamodel */,
			);
			currentVersion = 0D94658322A76C4400F8F396 /* XWCamera.xcdatamodel */;
			path = XWCamera.xcdatamodeld;
			sourceTree = "<group>";
			versionGroupType = wrapper.xcdatamodel;
		};
/* End XCVersionGroup section */
	};
	rootObject = 0D94656E22A76C4400F8F396 /* Project object */;
}
