// !$*UTF8*$!
{
	archiveVersion = 1;
	classes = {
	};
	objectVersion = 51;
	objects = {

/* Begin PBXBuildFile section */
		0D94657B22A76C4400F8F396 /* AppDelegate.m in Sources */ = {isa = PBXBuildFile; fileRef = 0D94657A22A76C4400F8F396 /* AppDelegate.m */; };
		0D94657E22A76C4400F8F396 /* HomeViewController.m in Sources */ = {isa = PBXBuildFile; fileRef = 0D94657D22A76C4400F8F396 /* HomeViewController.m */; };
		0D94658122A76C4400F8F396 /* Main.storyboard in Resources */ = {isa = PBXBuildFile; fileRef = 0D94657F22A76C4400F8F396 /* Main.storyboard */; };
		0D94658422A76C4400F8F396 /* XWCamera.xcdatamodeld in Sources */ = {isa = PBXBuildFile; fileRef = 0D94658222A76C4400F8F396 /* XWCamera.xcdatamodeld */; };
		0D94658622A76C4500F8F396 /* Assets.xcassets in Resources */ = {isa = PBXBuildFile; fileRef = 0D94658522A76C4500F8F396 /* Assets.xcassets */; };
		0D94658922A76C4500F8F396 /* LaunchScreen.storyboard in Resources */ = {isa = PBXBuildFile; fileRef = 0D94658722A76C4500F8F396 /* LaunchScreen.storyboard */; };
		0D94658C22A76C4500F8F396 /* main.m in Sources */ = {isa = PBXBuildFile; fileRef = 0D94658B22A76C4500F8F396 /* main.m */; };
		0D94659622A76C4500F8F396 /* XWCameraTests.m in Sources */ = {isa = PBXBuildFile; fileRef = 0D94659522A76C4500F8F396 /* XWCameraTests.m */; };
		0D9465A122A76C4500F8F396 /* XWCameraUITests.m in Sources */ = {isa = PBXBuildFile; fileRef = 0D9465A022A76C4500F8F396 /* XWCameraUITests.m */; };
		0D9465D622A7DDBA00F8F396 /* Localizable.strings in Resources */ = {isa = PBXBuildFile; fileRef = 0D9465D822A7DDBA00F8F396 /* Localizable.strings */; };
		0D9465DC22A8B4A000F8F396 /* Filters.strings in Resources */ = {isa = PBXBuildFile; fileRef = 0D9465DE22A8B4A000F8F396 /* Filters.strings */; };
		0D9465E222A91BBD00F8F396 /* libiconv.tbd in Frameworks */ = {isa = PBXBuildFile; fileRef = 0D9465E122A91BBD00F8F396 /* libiconv.tbd */; settings = {ATTRIBUTES = (Required, ); }; };
		0D94664F22AF6E5000F8F396 /* XWPicEditViewController.m in Sources */ = {isa = PBXBuildFile; fileRef = 0D94664E22AF6E5000F8F396 /* XWPicEditViewController.m */; };
		0D94666122AF960A00F8F396 /* GPUImage.framework in Frameworks */ = {isa = PBXBuildFile; fileRef = 0D94665C22AF81E500F8F396 /* GPUImage.framework */; };
		0D94666322AF99F200F8F396 /* GPUImage.framework in Embed Frameworks */ = {isa = PBXBuildFile; fileRef = 0D94665C22AF81E500F8F396 /* GPUImage.framework */; settings = {ATTRIBUTES = (CodeSignOnCopy, RemoveHeadersOnCopy, ); }; };
		0D94666C22AFA5BA00F8F396 /* XWImageFilterViewController.m in Sources */ = {isa = PBXBuildFile; fileRef = 0D94666B22AFA5BA00F8F396 /* XWImageFilterViewController.m */; };
		0D94666F22AFB7D100F8F396 /* GPUImageWaveFilter.m in Sources */ = {isa = PBXBuildFile; fileRef = 0D94666E22AFB7D100F8F396 /* GPUImageWaveFilter.m */; };
		0D94667622AFC69800F8F396 /* ImageFilter.m in Sources */ = {isa = PBXBuildFile; fileRef = 0D94667522AFC69800F8F396 /* ImageFilter.m */; settings = {COMPILER_FLAGS = "-fno-objc-arc"; }; };
		0D94668722AFC6E200F8F396 /* NSArray_PointArray.m in Sources */ = {isa = PBXBuildFile; fileRef = 0D94667822AFC6E200F8F396 /* NSArray_PointArray.m */; };
		0D94668822AFC6E200F8F396 /* LinearBezierCurve.m in Sources */ = {isa = PBXBuildFile; fileRef = 0D94667B22AFC6E200F8F396 /* LinearBezierCurve.m */; settings = {COMPILER_FLAGS = "-fno-objc-arc"; }; };
		0D94668922AFC6E200F8F396 /* CubicBezierCurve.m in Sources */ = {isa = PBXBuildFile; fileRef = 0D94667C22AFC6E200F8F396 /* CubicBezierCurve.m */; settings = {COMPILER_FLAGS = "-fno-objc-arc"; }; };
		0D94668A22AFC6E200F8F396 /* CatmullRomSpline.m in Sources */ = {isa = PBXBuildFile; fileRef = 0D94667F22AFC6E200F8F396 /* CatmullRomSpline.m */; settings = {COMPILER_FLAGS = "-fno-objc-arc"; }; };
		0D94668B22AFC6E200F8F396 /* Spline.m in Sources */ = {isa = PBXBuildFile; fileRef = 0D94668122AFC6E200F8F396 /* Spline.m */; settings = {COMPILER_FLAGS = "-fno-objc-arc"; }; };
		0D94668C22AFC6E200F8F396 /* QuadraticBezierCurve.m in Sources */ = {isa = PBXBuildFile; fileRef = 0D94668222AFC6E200F8F396 /* QuadraticBezierCurve.m */; settings = {COMPILER_FLAGS = "-fno-objc-arc"; }; };
		0D94668D22AFC6E200F8F396 /* BezierCurve.m in Sources */ = {isa = PBXBuildFile; fileRef = 0D94668622AFC6E200F8F396 /* BezierCurve.m */; settings = {COMPILER_FLAGS = "-fno-objc-arc"; }; };
		0D94669322AFCAF300F8F396 /* UIImage+XWFilter.m in Sources */ = {isa = PBXBuildFile; fileRef = 0D94669222AFCAF300F8F396 /* UIImage+XWFilter.m */; };
		0D94669B22AFCB0700F8F396 /* UIImage+FiltrrCompositions.m in Sources */ = {isa = PBXBuildFile; fileRef = 0D94669522AFCB0700F8F396 /* UIImage+FiltrrCompositions.m */; };
		0D94669C22AFCB0700F8F396 /* UIImage+Scale.m in Sources */ = {isa = PBXBuildFile; fileRef = 0D94669822AFCB0700F8F396 /* UIImage+Scale.m */; };
		0D94669D22AFCB0700F8F396 /* UIImage+Filtrr.m in Sources */ = {isa = PBXBuildFile; fileRef = 0D94669A22AFCB0700F8F396 /* UIImage+Filtrr.m */; };
		3D5F7B6F02E0E7D60BC5B7A6 /* Pods_XWCamera.framework in Frameworks */ = {isa = PBXBuildFile; fileRef = 3CB351D022CB545D5D741CC4 /* Pods_XWCamera.framework */; settings = {ATTRIBUTES = (Required, ); }; };
/* End PBXBuildFile section */

/* Begin PBXContainerItemProxy section */
		0D94659222A76C4500F8F396 /* PBXContainerItemProxy */ = {
			isa = PBXContainerItemProxy;
			containerPortal = 0D94656E22A76C4400F8F396 /* Project object */;
			proxyType = 1;
			remoteGlobalIDString = 0D94657522A76C4400F8F396;
			remoteInfo = XWCamera;
		};
		0D94659D22A76C4500F8F396 /* PBXContainerItemProxy */ = {
			isa = PBXContainerItemProxy;
			containerPortal = 0D94656E22A76C4400F8F396 /* Project object */;
			proxyType = 1;
			remoteGlobalIDString = 0D94657522A76C4400F8F396;
			remoteInfo = XWCamera;
		};
		0D94665922AF81E500F8F396 /* PBXContainerItemProxy */ = {
			isa = PBXContainerItemProxy;
			containerPortal = 0D94665322AF81E500F8F396 /* GPUImage.xcodeproj */;
			proxyType = 2;
			remoteGlobalIDString = BCF1A33414DDB1EC00852800;
			remoteInfo = GPUImage;
		};
		0D94665B22AF81E500F8F396 /* PBXContainerItemProxy */ = {
			isa = PBXContainerItemProxy;
			containerPortal = 0D94665322AF81E500F8F396 /* GPUImage.xcodeproj */;
			proxyType = 2;
			remoteGlobalIDString = BCE209E51943F20C002FEED8;
			remoteInfo = GPUImageFramework;
		};
		0D94665F22AF849E00F8F396 /* PBXContainerItemProxy */ = {
			isa = PBXContainerItemProxy;
			containerPortal = 0D94665322AF81E500F8F396 /* GPUImage.xcodeproj */;
			proxyType = 1;
			remoteGlobalIDString = BCE209E41943F20C002FEED8;
			remoteInfo = GPUImageFramework;
		};
		0D94666422AF99F200F8F396 /* PBXContainerItemProxy */ = {
			isa = PBXContainerItemProxy;
			containerPortal = 0D94665322AF81E500F8F396 /* GPUImage.xcodeproj */;
			proxyType = 1;
			remoteGlobalIDString = BCE209E41943F20C002FEED8;
			remoteInfo = GPUImageFramework;
		};
/* End PBXContainerItemProxy section */

/* Begin PBXCopyFilesBuildPhase section */
		0D94666622AF99F300F8F396 /* Embed Frameworks */ = {
			isa = PBXCopyFilesBuildPhase;
			buildActionMask = 2147483647;
			dstPath = "";
			dstSubfolderSpec = 10;
			files = (
				0D94666322AF99F200F8F396 /* GPUImage.framework in Embed Frameworks */,
			);
			name = "Embed Frameworks";
			runOnlyForDeploymentPostprocessing = 0;
		};
/* End PBXCopyFilesBuildPhase section */

/* Begin PBXFileReference section */
		0D94657622A76C4400F8F396 /* XWCamera.app */ = {isa = PBXFileReference; explicitFileType = wrapper.application; includeInIndex = 0; path = XWCamera.app; sourceTree = BUILT_PRODUCTS_DIR; };
		0D94657922A76C4400F8F396 /* AppDelegate.h */ = {isa = PBXFileReference; lastKnownFileType = sourcecode.c.h; path = AppDelegate.h; sourceTree = "<group>"; };
		0D94657A22A76C4400F8F396 /* AppDelegate.m */ = {isa = PBXFileReference; lastKnownFileType = sourcecode.c.objc; path = AppDelegate.m; sourceTree = "<group>"; };
		0D94657C22A76C4400F8F396 /* HomeViewController.h */ = {isa = PBXFileReference; lastKnownFileType = sourcecode.c.h; path = HomeViewController.h; sourceTree = "<group>"; };
		0D94657D22A76C4400F8F396 /* HomeViewController.m */ = {isa = PBXFileReference; lastKnownFileType = sourcecode.c.objc; path = HomeViewController.m; sourceTree = "<group>"; };
		0D94658022A76C4400F8F396 /* Base */ = {isa = PBXFileReference; lastKnownFileType = file.storyboard; name = Base; path = Base.lproj/Main.storyboard; sourceTree = "<group>"; };
		0D94658322A76C4400F8F396 /* XWCamera.xcdatamodel */ = {isa = PBXFileReference; lastKnownFileType = wrapper.xcdatamodel; path = XWCamera.xcdatamodel; sourceTree = "<group>"; };
		0D94658522A76C4500F8F396 /* Assets.xcassets */ = {isa = PBXFileReference; lastKnownFileType = folder.assetcatalog; path = Assets.xcassets; sourceTree = "<group>"; };
		0D94658822A76C4500F8F396 /* Base */ = {isa = PBXFileReference; lastKnownFileType = file.storyboard; name = Base; path = Base.lproj/LaunchScreen.storyboard; sourceTree = "<group>"; };
		0D94658A22A76C4500F8F396 /* Info.plist */ = {isa = PBXFileReference; lastKnownFileType = text.plist.xml; path = Info.plist; sourceTree = "<group>"; };
		0D94658B22A76C4500F8F396 /* main.m */ = {isa = PBXFileReference; lastKnownFileType = sourcecode.c.objc; path = main.m; sourceTree = "<group>"; };
		0D94659122A76C4500F8F396 /* XWCameraTests.xctest */ = {isa = PBXFileReference; explicitFileType = wrapper.cfbundle; includeInIndex = 0; path = XWCameraTests.xctest; sourceTree = BUILT_PRODUCTS_DIR; };
		0D94659522A76C4500F8F396 /* XWCameraTests.m */ = {isa = PBXFileReference; lastKnownFileType = sourcecode.c.objc; path = XWCameraTests.m; sourceTree = "<group>"; };
		0D94659722A76C4500F8F396 /* Info.plist */ = {isa = PBXFileReference; lastKnownFileType = text.plist.xml; path = Info.plist; sourceTree = "<group>"; };
		0D94659C22A76C4500F8F396 /* XWCameraUITests.xctest */ = {isa = PBXFileReference; explicitFileType = wrapper.cfbundle; includeInIndex = 0; path = XWCameraUITests.xctest; sourceTree = BUILT_PRODUCTS_DIR; };
		0D9465A022A76C4500F8F396 /* XWCameraUITests.m */ = {isa = PBXFileReference; lastKnownFileType = sourcecode.c.objc; path = XWCameraUITests.m; sourceTree = "<group>"; };
		0D9465A222A76C4500F8F396 /* Info.plist */ = {isa = PBXFileReference; lastKnownFileType = text.plist.xml; path = Info.plist; sourceTree = "<group>"; };
		0D9465D422A7DDB300F8F396 /* zh-Hans */ = {isa = PBXFileReference; lastKnownFileType = text.plist.strings; name = "zh-Hans"; path = "zh-Hans.lproj/Main.strings"; sourceTree = "<group>"; };
		0D9465D522A7DDB300F8F396 /* zh-Hans */ = {isa = PBXFileReference; lastKnownFileType = text.plist.strings; name = "zh-Hans"; path = "zh-Hans.lproj/LaunchScreen.strings"; sourceTree = "<group>"; };
		0D9465D722A7DDBA00F8F396 /* en */ = {isa = PBXFileReference; lastKnownFileType = text.plist.strings; name = en; path = en.lproj/Localizable.strings; sourceTree = "<group>"; };
		0D9465D922A7DDBE00F8F396 /* zh-Hans */ = {isa = PBXFileReference; lastKnownFileType = text.plist.strings; name = "zh-Hans"; path = "zh-Hans.lproj/Localizable.strings"; sourceTree = "<group>"; };
		0D9465DD22A8B4A000F8F396 /* en */ = {isa = PBXFileReference; lastKnownFileType = text.plist.strings; name = en; path = en.lproj/Filters.strings; sourceTree = "<group>"; };
		0D9465DF22A8B4A300F8F396 /* zh-Hans */ = {isa = PBXFileReference; lastKnownFileType = text.plist.strings; name = "zh-Hans"; path = "zh-Hans.lproj/Filters.strings"; sourceTree = "<group>"; };
		0D9465E122A91BBD00F8F396 /* libiconv.tbd */ = {isa = PBXFileReference; lastKnownFileType = "sourcecode.text-based-dylib-definition"; name = libiconv.tbd; path = usr/lib/libiconv.tbd; sourceTree = SDKROOT; };
		0D94664D22AF6E5000F8F396 /* XWPicEditViewController.h */ = {isa = PBXFileReference; lastKnownFileType = sourcecode.c.h; path = XWPicEditViewController.h; sourceTree = "<group>"; };
		0D94664E22AF6E5000F8F396 /* XWPicEditViewController.m */ = {isa = PBXFileReference; lastKnownFileType = sourcecode.c.objc; path = XWPicEditViewController.m; sourceTree = "<group>"; };
		0D94665322AF81E500F8F396 /* GPUImage.xcodeproj */ = {isa = PBXFileReference; lastKnownFileType = "wrapper.pb-project"; name = GPUImage.xcodeproj; path = framework/GPUImage.xcodeproj; sourceTree = "<group>"; };
		0D94666A22AFA5BA00F8F396 /* XWImageFilterViewController.h */ = {isa = PBXFileReference; lastKnownFileType = sourcecode.c.h; path = XWImageFilterViewController.h; sourceTree = "<group>"; };
		0D94666B22AFA5BA00F8F396 /* XWImageFilterViewController.m */ = {isa = PBXFileReference; lastKnownFileType = sourcecode.c.objc; path = XWImageFilterViewController.m; sourceTree = "<group>"; };
		0D94666D22AFB7D100F8F396 /* GPUImageWaveFilter.h */ = {isa = PBXFileReference; fileEncoding = 4; lastKnownFileType = sourcecode.c.h; path = GPUImageWaveFilter.h; sourceTree = "<group>"; };
		0D94666E22AFB7D100F8F396 /* GPUImageWaveFilter.m */ = {isa = PBXFileReference; fileEncoding = 4; lastKnownFileType = sourcecode.c.objc; path = GPUImageWaveFilter.m; sourceTree = "<group>"; };
		0D94667422AFC69800F8F396 /* ImageFilter.h */ = {isa = PBXFileReference; fileEncoding = 4; lastKnownFileType = sourcecode.c.h; path = ImageFilter.h; sourceTree = "<group>"; };
		0D94667522AFC69800F8F396 /* ImageFilter.m */ = {isa = PBXFileReference; fileEncoding = 4; lastKnownFileType = sourcecode.c.objc; path = ImageFilter.m; sourceTree = "<group>"; };
		0D94667822AFC6E200F8F396 /* NSArray_PointArray.m */ = {isa = PBXFileReference; fileEncoding = 4; lastKnownFileType = sourcecode.c.objc; path = NSArray_PointArray.m; sourceTree = "<group>"; };
		0D94667922AFC6E200F8F396 /* CGPointArithmetic.h */ = {isa = PBXFileReference; fileEncoding = 4; lastKnownFileType = sourcecode.c.h; path = CGPointArithmetic.h; sourceTree = "<group>"; };
		0D94667A22AFC6E200F8F396 /* Spline.h */ = {isa = PBXFileReference; fileEncoding = 4; lastKnownFileType = sourcecode.c.h; path = Spline.h; sourceTree = "<group>"; };
		0D94667B22AFC6E200F8F396 /* LinearBezierCurve.m */ = {isa = PBXFileReference; fileEncoding = 4; lastKnownFileType = sourcecode.c.objc; path = LinearBezierCurve.m; sourceTree = "<group>"; };
		0D94667C22AFC6E200F8F396 /* CubicBezierCurve.m */ = {isa = PBXFileReference; fileEncoding = 4; lastKnownFileType = sourcecode.c.objc; path = CubicBezierCurve.m; sourceTree = "<group>"; };
		0D94667D22AFC6E200F8F396 /* QuadraticBezierCurve.h */ = {isa = PBXFileReference; fileEncoding = 4; lastKnownFileType = sourcecode.c.h; path = QuadraticBezierCurve.h; sourceTree = "<group>"; };
		0D94667E22AFC6E200F8F396 /* BezierCurve.h */ = {isa = PBXFileReference; fileEncoding = 4; lastKnownFileType = sourcecode.c.h; path = BezierCurve.h; sourceTree = "<group>"; };
		0D94667F22AFC6E200F8F396 /* CatmullRomSpline.m */ = {isa = PBXFileReference; fileEncoding = 4; lastKnownFileType = sourcecode.c.objc; path = CatmullRomSpline.m; sourceTree = "<group>"; };
		0D94668022AFC6E200F8F396 /* NSArray_PointArray.h */ = {isa = PBXFileReference; fileEncoding = 4; lastKnownFileType = sourcecode.c.h; path = NSArray_PointArray.h; sourceTree = "<group>"; };
		0D94668122AFC6E200F8F396 /* Spline.m */ = {isa = PBXFileReference; fileEncoding = 4; lastKnownFileType = sourcecode.c.objc; path = Spline.m; sourceTree = "<group>"; };
		0D94668222AFC6E200F8F396 /* QuadraticBezierCurve.m */ = {isa = PBXFileReference; fileEncoding = 4; lastKnownFileType = sourcecode.c.objc; path = QuadraticBezierCurve.m; sourceTree = "<group>"; };
		0D94668322AFC6E200F8F396 /* CubicBezierCurve.h */ = {isa = PBXFileReference; fileEncoding = 4; lastKnownFileType = sourcecode.c.h; path = CubicBezierCurve.h; sourceTree = "<group>"; };
		0D94668422AFC6E200F8F396 /* LinearBezierCurve.h */ = {isa = PBXFileReference; fileEncoding = 4; lastKnownFileType = sourcecode.c.h; path = LinearBezierCurve.h; sourceTree = "<group>"; };
		0D94668522AFC6E200F8F396 /* CatmullRomSpline.h */ = {isa = PBXFileReference; fileEncoding = 4; lastKnownFileType = sourcecode.c.h; path = CatmullRomSpline.h; sourceTree = "<group>"; };
		0D94668622AFC6E200F8F396 /* BezierCurve.m */ = {isa = PBXFileReference; fileEncoding = 4; lastKnownFileType = sourcecode.c.objc; path = BezierCurve.m; sourceTree = "<group>"; };
		0D94668E22AFC74900F8F396 /* PrefixHeader.pch */ = {isa = PBXFileReference; lastKnownFileType = sourcecode.c.h; path = PrefixHeader.pch; sourceTree = "<group>"; };
		0D94669122AFCAF300F8F396 /* UIImage+XWFilter.h */ = {isa = PBXFileReference; lastKnownFileType = sourcecode.c.h; path = "UIImage+XWFilter.h"; sourceTree = "<group>"; };
		0D94669222AFCAF300F8F396 /* UIImage+XWFilter.m */ = {isa = PBXFileReference; lastKnownFileType = sourcecode.c.objc; path = "UIImage+XWFilter.m"; sourceTree = "<group>"; };
		0D94669522AFCB0700F8F396 /* UIImage+FiltrrCompositions.m */ = {isa = PBXFileReference; fileEncoding = 4; lastKnownFileType = sourcecode.c.objc; path = "UIImage+FiltrrCompositions.m"; sourceTree = "<group>"; };
		0D94669622AFCB0700F8F396 /* UIImage+Scale.h */ = {isa = PBXFileReference; fileEncoding = 4; lastKnownFileType = sourcecode.c.h; path = "UIImage+Scale.h"; sourceTree = "<group>"; };
		0D94669722AFCB0700F8F396 /* UIImage+Filtrr.h */ = {isa = PBXFileReference; fileEncoding = 4; lastKnownFileType = sourcecode.c.h; path = "UIImage+Filtrr.h"; sourceTree = "<group>"; };
		0D94669822AFCB0700F8F396 /* UIImage+Scale.m */ = {isa = PBXFileReference; fileEncoding = 4; lastKnownFileType = sourcecode.c.objc; path = "UIImage+Scale.m"; sourceTree = "<group>"; };
		0D94669922AFCB0700F8F396 /* UIImage+FiltrrCompositions.h */ = {isa = PBXFileReference; fileEncoding = 4; lastKnownFileType = sourcecode.c.h; path = "UIImage+FiltrrCompositions.h"; sourceTree = "<group>"; };
		0D94669A22AFCB0700F8F396 /* UIImage+Filtrr.m */ = {isa = PBXFileReference; fileEncoding = 4; lastKnownFileType = sourcecode.c.objc; path = "UIImage+Filtrr.m"; sourceTree = "<group>"; };
		101136C360DDD0DFF7414018 /* Pods-XWCamera.debug.xcconfig */ = {isa = PBXFileReference; includeInIndex = 1; lastKnownFileType = text.xcconfig; name = "Pods-XWCamera.debug.xcconfig"; path = "Target Support Files/Pods-XWCamera/Pods-XWCamera.debug.xcconfig"; sourceTree = "<group>"; };
		3CB351D022CB545D5D741CC4 /* Pods_XWCamera.framework */ = {isa = PBXFileReference; explicitFileType = wrapper.framework; includeInIndex = 0; path = Pods_XWCamera.framework; sourceTree = BUILT_PRODUCTS_DIR; };
		6D827B0DE53EDC84A594B08B /* Pods-XWCamera.release.xcconfig */ = {isa = PBXFileReference; includeInIndex = 1; lastKnownFileType = text.xcconfig; name = "Pods-XWCamera.release.xcconfig"; path = "Target Support Files/Pods-XWCamera/Pods-XWCamera.release.xcconfig"; sourceTree = "<group>"; };
/* End PBXFileReference section */

/* Begin PBXFrameworksBuildPhase section */
		0D94657322A76C4400F8F396 /* Frameworks */ = {
			isa = PBXFrameworksBuildPhase;
			buildActionMask = 2147483647;
			files = (
				0D94666122AF960A00F8F396 /* GPUImage.framework in Frameworks */,
				0D9465E222A91BBD00F8F396 /* libiconv.tbd in Frameworks */,
				3D5F7B6F02E0E7D60BC5B7A6 /* Pods_XWCamera.framework in Frameworks */,
			);
			runOnlyForDeploymentPostprocessing = 0;
		};
		0D94658E22A76C4500F8F396 /* Frameworks */ = {
			isa = PBXFrameworksBuildPhase;
			buildActionMask = 2147483647;
			files = (
			);
			runOnlyForDeploymentPostprocessing = 0;
		};
		0D94659922A76C4500F8F396 /* Frameworks */ = {
			isa = PBXFrameworksBuildPhase;
			buildActionMask = 2147483647;
			files = (
			);
			runOnlyForDeploymentPostprocessing = 0;
		};
/* End PBXFrameworksBuildPhase section */

/* Begin PBXGroup section */
		01110F4123895B5C688D844B /* Pods */ = {
			isa = PBXGroup;
			children = (
				101136C360DDD0DFF7414018 /* Pods-XWCamera.debug.xcconfig */,
				6D827B0DE53EDC84A594B08B /* Pods-XWCamera.release.xcconfig */,
			);
			path = Pods;
			sourceTree = "<group>";
		};
		0D94656D22A76C4400F8F396 = {
			isa = PBXGroup;
			children = (
				0D94657822A76C4400F8F396 /* XWCamera */,
				0D94659422A76C4500F8F396 /* XWCameraTests */,
				0D94659F22A76C4500F8F396 /* XWCameraUITests */,
				0D94657722A76C4400F8F396 /* Products */,
				0D9465E022A91BBD00F8F396 /* Frameworks */,
				01110F4123895B5C688D844B /* Pods */,
			);
			sourceTree = "<group>";
		};
		0D94657722A76C4400F8F396 /* Products */ = {
			isa = PBXGroup;
			children = (
				0D94657622A76C4400F8F396 /* XWCamera.app */,
				0D94659122A76C4500F8F396 /* XWCameraTests.xctest */,
				0D94659C22A76C4500F8F396 /* XWCameraUITests.xctest */,
			);
			name = Products;
			sourceTree = "<group>";
		};
		0D94657822A76C4400F8F396 /* XWCamera */ = {
			isa = PBXGroup;
			children = (
				0D94657922A76C4400F8F396 /* AppDelegate.h */,
				0D94657A22A76C4400F8F396 /* AppDelegate.m */,
				0D94657C22A76C4400F8F396 /* HomeViewController.h */,
				0D94657D22A76C4400F8F396 /* HomeViewController.m */,
				0D94664D22AF6E5000F8F396 /* XWPicEditViewController.h */,
				0D94664E22AF6E5000F8F396 /* XWPicEditViewController.m */,
				0D94666A22AFA5BA00F8F396 /* XWImageFilterViewController.h */,
				0D94666B22AFA5BA00F8F396 /* XWImageFilterViewController.m */,
				0D94669122AFCAF300F8F396 /* UIImage+XWFilter.h */,
				0D94669222AFCAF300F8F396 /* UIImage+XWFilter.m */,
				0D94667422AFC69800F8F396 /* ImageFilter.h */,
				0D94667522AFC69800F8F396 /* ImageFilter.m */,
				0D94669422AFCB0700F8F396 /* Filtrr */,
				0D94667722AFC6E200F8F396 /* Curve */,
				0D94657F22A76C4400F8F396 /* Main.storyboard */,
				0D94667022AFB7F000F8F396 /* WaveFilter */,
				0D94658522A76C4500F8F396 /* Assets.xcassets */,
				0D94658722A76C4500F8F396 /* LaunchScreen.storyboard */,
				0D94658A22A76C4500F8F396 /* Info.plist */,
				0D94658B22A76C4500F8F396 /* main.m */,
				0D94668E22AFC74900F8F396 /* PrefixHeader.pch */,
				0D94658222A76C4400F8F396 /* XWCamera.xcdatamodeld */,
			);
			path = XWCamera;
			sourceTree = "<group>";
		};
		0D94659422A76C4500F8F396 /* XWCameraTests */ = {
			isa = PBXGroup;
			children = (
				0D94659522A76C4500F8F396 /* XWCameraTests.m */,
				0D94659722A76C4500F8F396 /* Info.plist */,
				0D9465D822A7DDBA00F8F396 /* Localizable.strings */,
				0D9465DE22A8B4A000F8F396 /* Filters.strings */,
			);
			path = XWCameraTests;
			sourceTree = "<group>";
		};
		0D94659F22A76C4500F8F396 /* XWCameraUITests */ = {
			isa = PBXGroup;
			children = (
				0D9465A022A76C4500F8F396 /* XWCameraUITests.m */,
				0D9465A222A76C4500F8F396 /* Info.plist */,
			);
			path = XWCameraUITests;
			sourceTree = "<group>";
		};
		0D9465E022A91BBD00F8F396 /* Frameworks */ = {
			isa = PBXGroup;
			children = (
				0D94665322AF81E500F8F396 /* GPUImage.xcodeproj */,
				0D9465E122A91BBD00F8F396 /* libiconv.tbd */,
				3CB351D022CB545D5D741CC4 /* Pods_XWCamera.framework */,
			);
			name = Frameworks;
			sourceTree = "<group>";
		};
		0D94665422AF81E500F8F396 /* Products */ = {
			isa = PBXGroup;
			children = (
				0D94665A22AF81E500F8F396 /* libGPUImage.a */,
				0D94665C22AF81E500F8F396 /* GPUImage.framework */,
			);
			name = Products;
			sourceTree = "<group>";
		};
		0D94667022AFB7F000F8F396 /* WaveFilter */ = {
			isa = PBXGroup;
			children = (
				0D94666D22AFB7D100F8F396 /* GPUImageWaveFilter.h */,
				0D94666E22AFB7D100F8F396 /* GPUImageWaveFilter.m */,
			);
			path = WaveFilter;
			sourceTree = "<group>";
		};
		0D94667722AFC6E200F8F396 /* Curve */ = {
			isa = PBXGroup;
			children = (
				0D94667822AFC6E200F8F396 /* NSArray_PointArray.m */,
				0D94667922AFC6E200F8F396 /* CGPointArithmetic.h */,
				0D94667A22AFC6E200F8F396 /* Spline.h */,
				0D94667B22AFC6E200F8F396 /* LinearBezierCurve.m */,
				0D94667C22AFC6E200F8F396 /* CubicBezierCurve.m */,
				0D94667D22AFC6E200F8F396 /* QuadraticBezierCurve.h */,
				0D94667E22AFC6E200F8F396 /* BezierCurve.h */,
				0D94667F22AFC6E200F8F396 /* CatmullRomSpline.m */,
				0D94668022AFC6E200F8F396 /* NSArray_PointArray.h */,
				0D94668122AFC6E200F8F396 /* Spline.m */,
				0D94668222AFC6E200F8F396 /* QuadraticBezierCurve.m */,
				0D94668322AFC6E200F8F396 /* CubicBezierCurve.h */,
				0D94668422AFC6E200F8F396 /* LinearBezierCurve.h */,
				0D94668522AFC6E200F8F396 /* CatmullRomSpline.h */,
				0D94668622AFC6E200F8F396 /* BezierCurve.m */,
			);
			path = Curve;
			sourceTree = "<group>";
		};
		0D94669422AFCB0700F8F396 /* Filtrr */ = {
			isa = PBXGroup;
			children = (
				0D94669922AFCB0700F8F396 /* UIImage+FiltrrCompositions.h */,
				0D94669522AFCB0700F8F396 /* UIImage+FiltrrCompositions.m */,
				0D94669622AFCB0700F8F396 /* UIImage+Scale.h */,
				0D94669822AFCB0700F8F396 /* UIImage+Scale.m */,
				0D94669722AFCB0700F8F396 /* UIImage+Filtrr.h */,
				0D94669A22AFCB0700F8F396 /* UIImage+Filtrr.m */,
			);
			path = Filtrr;
			sourceTree = "<group>";
		};
/* End PBXGroup section */

/* Begin PBXNativeTarget section */
		0D94657522A76C4400F8F396 /* XWCamera */ = {
			isa = PBXNativeTarget;
			buildConfigurationList = 0D9465A522A76C4500F8F396 /* Build configuration list for PBXNativeTarget "XWCamera" */;
			buildPhases = (
				65755DF857A74225154B1473 /* [CP] Check Pods Manifest.lock */,
				0D94657222A76C4400F8F396 /* Sources */,
				0D94657322A76C4400F8F396 /* Frameworks */,
				0D94657422A76C4400F8F396 /* Resources */,
				95623609874E086E32D1E314 /* [CP] Embed Pods Frameworks */,
				0D94666622AF99F300F8F396 /* Embed Frameworks */,
			);
			buildRules = (
			);
			dependencies = (
				0D94666022AF849E00F8F396 /* PBXTargetDependency */,
				0D94666522AF99F200F8F396 /* PBXTargetDependency */,
			);
			name = XWCamera;
			productName = XWCamera;
			productReference = 0D94657622A76C4400F8F396 /* XWCamera.app */;
			productType = "com.apple.product-type.application";
		};
		0D94659022A76C4500F8F396 /* XWCameraTests */ = {
			isa = PBXNativeTarget;
			buildConfigurationList = 0D9465A822A76C4500F8F396 /* Build configuration list for PBXNativeTarget "XWCameraTests" */;
			buildPhases = (
				0D94658D22A76C4500F8F396 /* Sources */,
				0D94658E22A76C4500F8F396 /* Frameworks */,
				0D94658F22A76C4500F8F396 /* Resources */,
			);
			buildRules = (
			);
			dependencies = (
				0D94659322A76C4500F8F396 /* PBXTargetDependency */,
			);
			name = XWCameraTests;
			productName = XWCameraTests;
			productReference = 0D94659122A76C4500F8F396 /* XWCameraTests.xctest */;
			productType = "com.apple.product-type.bundle.unit-test";
		};
		0D94659B22A76C4500F8F396 /* XWCameraUITests */ = {
			isa = PBXNativeTarget;
			buildConfigurationList = 0D9465AB22A76C4500F8F396 /* Build configuration list for PBXNativeTarget "XWCameraUITests" */;
			buildPhases = (
				0D94659822A76C4500F8F396 /* Sources */,
				0D94659922A76C4500F8F396 /* Frameworks */,
				0D94659A22A76C4500F8F396 /* Resources */,
			);
			buildRules = (
			);
			dependencies = (
				0D94659E22A76C4500F8F396 /* PBXTargetDependency */,
			);
			name = XWCameraUITests;
			productName = XWCameraUITests;
			productReference = 0D94659C22A76C4500F8F396 /* XWCameraUITests.xctest */;
			productType = "com.apple.product-type.bundle.ui-testing";
		};
/* End PBXNativeTarget section */

/* Begin PBXProject section */
		0D94656E22A76C4400F8F396 /* Project object */ = {
			isa = PBXProject;
			attributes = {
				CLASSPREFIX = XW;
				LastUpgradeCheck = 1020;
				ORGANIZATIONNAME = "vivi wu";
				TargetAttributes = {
					0D94657522A76C4400F8F396 = {
						CreatedOnToolsVersion = 10.2.1;
					};
					0D94659022A76C4500F8F396 = {
						CreatedOnToolsVersion = 10.2.1;
						TestTargetID = 0D94657522A76C4400F8F396;
					};
					0D94659B22A76C4500F8F396 = {
						CreatedOnToolsVersion = 10.2.1;
						TestTargetID = 0D94657522A76C4400F8F396;
					};
				};
			};
			buildConfigurationList = 0D94657122A76C4400F8F396 /* Build configuration list for PBXProject "XWCamera" */;
			compatibilityVersion = "Xcode 9.3";
			developmentRegion = en;
			hasScannedForEncodings = 0;
			knownRegions = (
				en,
				Base,
				"zh-Hans",
				de,
				he,
				ar,
				ja,
				es,
				da,
				it,
				sv,
				ko,
				"zh-Hant",
				hu,
				"hi-IN",
				tr,
				"nl-NL",
				"es-MX",
				ru,
				fr,
				fi,
				id,
				nl,
				pt,
				"pt-PT",
			);
			mainGroup = 0D94656D22A76C4400F8F396;
			productRefGroup = 0D94657722A76C4400F8F396 /* Products */;
			projectDirPath = "";
			projectReferences = (
				{
					ProductGroup = 0D94665422AF81E500F8F396 /* Products */;
					ProjectRef = 0D94665322AF81E500F8F396 /* GPUImage.xcodeproj */;
				},
			);
			projectRoot = "";
			targets = (
				0D94657522A76C4400F8F396 /* XWCamera */,
				0D94659022A76C4500F8F396 /* XWCameraTests */,
				0D94659B22A76C4500F8F396 /* XWCameraUITests */,
			);
		};
/* End PBXProject section */

/* Begin PBXReferenceProxy section */
		0D94665A22AF81E500F8F396 /* libGPUImage.a */ = {
			isa = PBXReferenceProxy;
			fileType = archive.ar;
			path = libGPUImage.a;
			remoteRef = 0D94665922AF81E500F8F396 /* PBXContainerItemProxy */;
			sourceTree = BUILT_PRODUCTS_DIR;
		};
		0D94665C22AF81E500F8F396 /* GPUImage.framework */ = {
			isa = PBXReferenceProxy;
			fileType = wrapper.framework;
			path = GPUImage.framework;
			remoteRef = 0D94665B22AF81E500F8F396 /* PBXContainerItemProxy */;
			sourceTree = BUILT_PRODUCTS_DIR;
		};
/* End PBXReferenceProxy section */

/* Begin PBXResourcesBuildPhase section */
		0D94657422A76C4400F8F396 /* Resources */ = {
			isa = PBXResourcesBuildPhase;
			buildActionMask = 2147483647;
			files = (
				0D94658922A76C4500F8F396 /* LaunchScreen.storyboard in Resources */,
				0D94658622A76C4500F8F396 /* Assets.xcassets in Resources */,
				0D94658122A76C4400F8F396 /* Main.storyboard in Resources */,
			);
			runOnlyForDeploymentPostprocessing = 0;
		};
		0D94658F22A76C4500F8F396 /* Resources */ = {
			isa = PBXResourcesBuildPhase;
			buildActionMask = 2147483647;
			files = (
				0D9465DC22A8B4A000F8F396 /* Filters.strings in Resources */,
				0D9465D622A7DDBA00F8F396 /* Localizable.strings in Resources */,
			);
			runOnlyForDeploymentPostprocessing = 0;
		};
		0D94659A22A76C4500F8F396 /* Resources */ = {
			isa = PBXResourcesBuildPhase;
			buildActionMask = 2147483647;
			files = (
			);
			runOnlyForDeploymentPostprocessing = 0;
		};
/* End PBXResourcesBuildPhase section */

/* Begin PBXShellScriptBuildPhase section */
		65755DF857A74225154B1473 /* [CP] Check Pods Manifest.lock */ = {
			isa = PBXShellScriptBuildPhase;
			buildActionMask = 2147483647;
			files = (
			);
			inputFileListPaths = (
			);
			inputPaths = (
				"${PODS_PODFILE_DIR_PATH}/Podfile.lock",
				"${PODS_ROOT}/Manifest.lock",
			);
			name = "[CP] Check Pods Manifest.lock";
			outputFileListPaths = (
			);
			outputPaths = (
				"$(DERIVED_FILE_DIR)/Pods-XWCamera-checkManifestLockResult.txt",
			);
			runOnlyForDeploymentPostprocessing = 0;
			shellPath = /bin/sh;
			shellScript = "diff \"${PODS_PODFILE_DIR_PATH}/Podfile.lock\" \"${PODS_ROOT}/Manifest.lock\" > /dev/null\nif [ $? != 0 ] ; then\n    # print error to STDERR\n    echo \"error: The sandbox is not in sync with the Podfile.lock. Run 'pod install' or update your CocoaPods installation.\" >&2\n    exit 1\nfi\n# This output is used by Xcode 'outputs' to avoid re-running this script phase.\necho \"SUCCESS\" > \"${SCRIPT_OUTPUT_FILE_0}\"\n";
			showEnvVarsInLog = 0;
		};
		95623609874E086E32D1E314 /* [CP] Embed Pods Frameworks */ = {
			isa = PBXShellScriptBuildPhase;
			buildActionMask = 2147483647;
			files = (
			);
			inputFileListPaths = (
				"${PODS_ROOT}/Target Support Files/Pods-XWCamera/Pods-XWCamera-frameworks-${CONFIGURATION}-input-files.xcfilelist",
			);
			name = "[CP] Embed Pods Frameworks";
			outputFileListPaths = (
				"${PODS_ROOT}/Target Support Files/Pods-XWCamera/Pods-XWCamera-frameworks-${CONFIGURATION}-output-files.xcfilelist",
			);
			runOnlyForDeploymentPostprocessing = 0;
			shellPath = /bin/sh;
			shellScript = "\"${PODS_ROOT}/Target Support Files/Pods-XWCamera/Pods-XWCamera-frameworks.sh\"\n";
			showEnvVarsInLog = 0;
		};
/* End PBXShellScriptBuildPhase section */

/* Begin PBXSourcesBuildPhase section */
		0D94657222A76C4400F8F396 /* Sources */ = {
			isa = PBXSourcesBuildPhase;
			buildActionMask = 2147483647;
			files = (
				0D94664F22AF6E5000F8F396 /* XWPicEditViewController.m in Sources */,
				0D94668922AFC6E200F8F396 /* CubicBezierCurve.m in Sources */,
				0D94666C22AFA5BA00F8F396 /* XWImageFilterViewController.m in Sources */,
				0D94666F22AFB7D100F8F396 /* GPUImageWaveFilter.m in Sources */,
				0D94669C22AFCB0700F8F396 /* UIImage+Scale.m in Sources */,
				0D94668822AFC6E200F8F396 /* LinearBezierCurve.m in Sources */,
				0D94669D22AFCB0700F8F396 /* UIImage+Filtrr.m in Sources */,
				0D94657E22A76C4400F8F396 /* HomeViewController.m in Sources */,
				0D94668B22AFC6E200F8F396 /* Spline.m in Sources */,
				0D94658422A76C4400F8F396 /* XWCamera.xcdatamodeld in Sources */,
				0D94668722AFC6E200F8F396 /* NSArray_PointArray.m in Sources */,
				0D94668A22AFC6E200F8F396 /* CatmullRomSpline.m in Sources */,
				0D94668C22AFC6E200F8F396 /* QuadraticBezierCurve.m in Sources */,
				0D94658C22A76C4500F8F396 /* main.m in Sources */,
				0D94667622AFC69800F8F396 /* ImageFilter.m in Sources */,
				0D94669B22AFCB0700F8F396 /* UIImage+FiltrrCompositions.m in Sources */,
				0D94668D22AFC6E200F8F396 /* BezierCurve.m in Sources */,
				0D94669322AFCAF300F8F396 /* UIImage+XWFilter.m in Sources */,
				0D94657B22A76C4400F8F396 /* AppDelegate.m in Sources */,
			);
			runOnlyForDeploymentPostprocessing = 0;
		};
		0D94658D22A76C4500F8F396 /* Sources */ = {
			isa = PBXSourcesBuildPhase;
			buildActionMask = 2147483647;
			files = (
				0D94659622A76C4500F8F396 /* XWCameraTests.m in Sources */,
			);
			runOnlyForDeploymentPostprocessing = 0;
		};
		0D94659822A76C4500F8F396 /* Sources */ = {
			isa = PBXSourcesBuildPhase;
			buildActionMask = 2147483647;
			files = (
				0D9465A122A76C4500F8F396 /* XWCameraUITests.m in Sources */,
			);
			runOnlyForDeploymentPostprocessing = 0;
		};
/* End PBXSourcesBuildPhase section */

/* Begin PBXTargetDependency section */
		0D94659322A76C4500F8F396 /* PBXTargetDependency */ = {
			isa = PBXTargetDependency;
			target = 0D94657522A76C4400F8F396 /* XWCamera */;
			targetProxy = 0D94659222A76C4500F8F396 /* PBXContainerItemProxy */;
		};
		0D94659E22A76C4500F8F396 /* PBXTargetDependency */ = {
			isa = PBXTargetDependency;
			target = 0D94657522A76C4400F8F396 /* XWCamera */;
			targetProxy = 0D94659D22A76C4500F8F396 /* PBXContainerItemProxy */;
		};
		0D94666022AF849E00F8F396 /* PBXTargetDependency */ = {
			isa = PBXTargetDependency;
			name = GPUImageFramework;
			targetProxy = 0D94665F22AF849E00F8F396 /* PBXContainerItemProxy */;
		};
		0D94666522AF99F200F8F396 /* PBXTargetDependency */ = {
			isa = PBXTargetDependency;
			name = GPUImageFramework;
			targetProxy = 0D94666422AF99F200F8F396 /* PBXContainerItemProxy */;
		};
/* End PBXTargetDependency section */

/* Begin PBXVariantGroup section */
		0D94657F22A76C4400F8F396 /* Main.storyboard */ = {
			isa = PBXVariantGroup;
			children = (
				0D94658022A76C4400F8F396 /* Base */,
				0D9465D422A7DDB300F8F396 /* zh-Hans */,
			);
			name = Main.storyboard;
			sourceTree = "<group>";
		};
		0D94658722A76C4500F8F396 /* LaunchScreen.storyboard */ = {
			isa = PBXVariantGroup;
			children = (
				0D94658822A76C4500F8F396 /* Base */,
				0D9465D522A7DDB300F8F396 /* zh-Hans */,
			);
			name = LaunchScreen.storyboard;
			sourceTree = "<group>";
		};
		0D9465D822A7DDBA00F8F396 /* Localizable.strings */ = {
			isa = PBXVariantGroup;
			children = (
				0D9465D722A7DDBA00F8F396 /* en */,
				0D9465D922A7DDBE00F8F396 /* zh-Hans */,
			);
			name = Localizable.strings;
			sourceTree = "<group>";
		};
		0D9465DE22A8B4A000F8F396 /* Filters.strings */ = {
			isa = PBXVariantGroup;
			children = (
				0D9465DD22A8B4A000F8F396 /* en */,
				0D9465DF22A8B4A300F8F396 /* zh-Hans */,
			);
			name = Filters.strings;
			sourceTree = "<group>";
		};
/* End PBXVariantGroup section */

/* Begin XCBuildConfiguration section */
		0D9465A322A76C4500F8F396 /* Debug */ = {
			isa = XCBuildConfiguration;
			buildSettings = {
				ALWAYS_SEARCH_USER_PATHS = NO;
				CLANG_ANALYZER_LOCALIZABILITY_NONLOCALIZED = YES;
				CLANG_ANALYZER_NONNULL = YES;
				CLANG_ANALYZER_NUMBER_OBJECT_CONVERSION = YES_AGGRESSIVE;
				CLANG_CXX_LANGUAGE_STANDARD = "gnu++14";
				CLANG_CXX_LIBRARY = "libc++";
				CLANG_ENABLE_MODULES = YES;
				CLANG_ENABLE_OBJC_ARC = YES;
				CLANG_ENABLE_OBJC_WEAK = YES;
				CLANG_WARN_BLOCK_CAPTURE_AUTORELEASING = YES;
				CLANG_WARN_BOOL_CONVERSION = YES;
				CLANG_WARN_COMMA = YES;
				CLANG_WARN_CONSTANT_CONVERSION = YES;
				CLANG_WARN_DEPRECATED_OBJC_IMPLEMENTATIONS = YES;
				CLANG_WARN_DIRECT_OBJC_ISA_USAGE = YES_ERROR;
				CLANG_WARN_DOCUMENTATION_COMMENTS = YES;
				CLANG_WARN_EMPTY_BODY = YES;
				CLANG_WARN_ENUM_CONVERSION = YES;
				CLANG_WARN_INFINITE_RECURSION = YES;
				CLANG_WARN_INT_CONVERSION = YES;
				CLANG_WARN_NON_LITERAL_NULL_CONVERSION = YES;
				CLANG_WARN_OBJC_IMPLICIT_RETAIN_SELF = YES;
				CLANG_WARN_OBJC_LITERAL_CONVERSION = YES;
				CLANG_WARN_OBJC_ROOT_CLASS = YES_ERROR;
				CLANG_WARN_RANGE_LOOP_ANALYSIS = YES;
				CLANG_WARN_STRICT_PROTOTYPES = YES;
				CLANG_WARN_SUSPICIOUS_MOVE = YES;
				CLANG_WARN_UNGUARDED_AVAILABILITY = YES_AGGRESSIVE;
				CLANG_WARN_UNREACHABLE_CODE = YES;
				CLANG_WARN__DUPLICATE_METHOD_MATCH = YES;
				CODE_SIGN_IDENTITY = "iPhone Developer";
				COPY_PHASE_STRIP = NO;
				DEBUG_INFORMATION_FORMAT = dwarf;
				ENABLE_STRICT_OBJC_MSGSEND = YES;
				ENABLE_TESTABILITY = YES;
				GCC_C_LANGUAGE_STANDARD = gnu11;
				GCC_DYNAMIC_NO_PIC = NO;
				GCC_NO_COMMON_BLOCKS = YES;
				GCC_OPTIMIZATION_LEVEL = 0;
				GCC_PREPROCESSOR_DEFINITIONS = (
					"DEBUG=1",
					"$(inherited)",
				);
				GCC_WARN_64_TO_32_BIT_CONVERSION = YES;
				GCC_WARN_ABOUT_RETURN_TYPE = YES_ERROR;
				GCC_WARN_UNDECLARED_SELECTOR = YES;
				GCC_WARN_UNINITIALIZED_AUTOS = YES_AGGRESSIVE;
				GCC_WARN_UNUSED_FUNCTION = YES;
				GCC_WARN_UNUSED_VARIABLE = YES;
				IPHONEOS_DEPLOYMENT_TARGET = 9.0;
				MTL_ENABLE_DEBUG_INFO = INCLUDE_SOURCE;
				MTL_FAST_MATH = YES;
				ONLY_ACTIVE_ARCH = YES;
				SDKROOT = iphoneos;
			};
			name = Debug;
		};
		0D9465A422A76C4500F8F396 /* Release */ = {
			isa = XCBuildConfiguration;
			buildSettings = {
				ALWAYS_SEARCH_USER_PATHS = NO;
				CLANG_ANALYZER_LOCALIZABILITY_NONLOCALIZED = YES;
				CLANG_ANALYZER_NONNULL = YES;
				CLANG_ANALYZER_NUMBER_OBJECT_CONVERSION = YES_AGGRESSIVE;
				CLANG_CXX_LANGUAGE_STANDARD = "gnu++14";
				CLANG_CXX_LIBRARY = "libc++";
				CLANG_ENABLE_MODULES = YES;
				CLANG_ENABLE_OBJC_ARC = YES;
				CLANG_ENABLE_OBJC_WEAK = YES;
				CLANG_WARN_BLOCK_CAPTURE_AUTORELEASING = YES;
				CLANG_WARN_BOOL_CONVERSION = YES;
				CLANG_WARN_COMMA = YES;
				CLANG_WARN_CONSTANT_CONVERSION = YES;
				CLANG_WARN_DEPRECATED_OBJC_IMPLEMENTATIONS = YES;
				CLANG_WARN_DIRECT_OBJC_ISA_USAGE = YES_ERROR;
				CLANG_WARN_DOCUMENTATION_COMMENTS = YES;
				CLANG_WARN_EMPTY_BODY = YES;
				CLANG_WARN_ENUM_CONVERSION = YES;
				CLANG_WARN_INFINITE_RECURSION = YES;
				CLANG_WARN_INT_CONVERSION = YES;
				CLANG_WARN_NON_LITERAL_NULL_CONVERSION = YES;
				CLANG_WARN_OBJC_IMPLICIT_RETAIN_SELF = YES;
				CLANG_WARN_OBJC_LITERAL_CONVERSION = YES;
				CLANG_WARN_OBJC_ROOT_CLASS = YES_ERROR;
				CLANG_WARN_RANGE_LOOP_ANALYSIS = YES;
				CLANG_WARN_STRICT_PROTOTYPES = YES;
				CLANG_WARN_SUSPICIOUS_MOVE = YES;
				CLANG_WARN_UNGUARDED_AVAILABILITY = YES_AGGRESSIVE;
				CLANG_WARN_UNREACHABLE_CODE = YES;
				CLANG_WARN__DUPLICATE_METHOD_MATCH = YES;
				CODE_SIGN_IDENTITY = "iPhone Developer";
				COPY_PHASE_STRIP = NO;
				DEBUG_INFORMATION_FORMAT = "dwarf-with-dsym";
				ENABLE_NS_ASSERTIONS = NO;
				ENABLE_STRICT_OBJC_MSGSEND = YES;
				GCC_C_LANGUAGE_STANDARD = gnu11;
				GCC_NO_COMMON_BLOCKS = YES;
				GCC_WARN_64_TO_32_BIT_CONVERSION = YES;
				GCC_WARN_ABOUT_RETURN_TYPE = YES_ERROR;
				GCC_WARN_UNDECLARED_SELECTOR = YES;
				GCC_WARN_UNINITIALIZED_AUTOS = YES_AGGRESSIVE;
				GCC_WARN_UNUSED_FUNCTION = YES;
				GCC_WARN_UNUSED_VARIABLE = YES;
				IPHONEOS_DEPLOYMENT_TARGET = 9.0;
				MTL_ENABLE_DEBUG_INFO = NO;
				MTL_FAST_MATH = YES;
				SDKROOT = iphoneos;
				VALIDATE_PRODUCT = YES;
			};
			name = Release;
		};
		0D9465A622A76C4500F8F396 /* Debug */ = {
			isa = XCBuildConfiguration;
			baseConfigurationReference = 101136C360DDD0DFF7414018 /* Pods-XWCamera.debug.xcconfig */;
			buildSettings = {
				ASSETCATALOG_COMPILER_APPICON_NAME = AppIcon;
				CODE_SIGN_STYLE = Automatic;
				DEVELOPMENT_TEAM = ALAK6VG32W;
				GCC_PRECOMPILE_PREFIX_HEADER = YES;
				GCC_PREFIX_HEADER = XWCamera/PrefixHeader.pch;
				HEADER_SEARCH_PATHS = (
					"$(inherited)",
					"\"${PODS_CONFIGURATION_BUILD_DIR}/CTAssetsPickerController/CTAssetsPickerController.framework/Headers\"",
					"\"${PODS_CONFIGURATION_BUILD_DIR}/PureLayout/PureLayout.framework/Headers\"",
				);
				INFOPLIST_FILE = XWCamera/Info.plist;
				IPHONEOS_DEPLOYMENT_TARGET = 9.0;
				LD_RUNPATH_SEARCH_PATHS = (
					"$(inherited)",
					"@executable_path/Frameworks",
				);
				OTHER_LDFLAGS = (
					"$(inherited)",
					"-framework",
					"\"CTAssetsPickerController\"",
					"-framework",
					"\"Photos\"",
					"-framework",
					"\"PureLayout\"",
				);
				PRODUCT_BUNDLE_IDENTIFIER = "com.qway.-";
				PRODUCT_NAME = "$(TARGET_NAME)";
				TARGETED_DEVICE_FAMILY = "1,2";
			};
			name = Debug;
		};
		0D9465A722A76C4500F8F396 /* Release */ = {
			isa = XCBuildConfiguration;
			baseConfigurationReference = 6D827B0DE53EDC84A594B08B /* Pods-XWCamera.release.xcconfig */;
			buildSettings = {
				ASSETCATALOG_COMPILER_APPICON_NAME = AppIcon;
				CODE_SIGN_STYLE = Automatic;
				DEVELOPMENT_TEAM = ALAK6VG32W;
				GCC_PRECOMPILE_PREFIX_HEADER = YES;
				GCC_PREFIX_HEADER = XWCamera/PrefixHeader.pch;
				HEADER_SEARCH_PATHS = (
					"$(inherited)",
					"\"${PODS_CONFIGURATION_BUILD_DIR}/CTAssetsPickerController/CTAssetsPickerController.framework/Headers\"",
					"\"${PODS_CONFIGURATION_BUILD_DIR}/PureLayout/PureLayout.framework/Headers\"",
				);
				INFOPLIST_FILE = XWCamera/Info.plist;
				IPHONEOS_DEPLOYMENT_TARGET = 9.0;
				LD_RUNPATH_SEARCH_PATHS = (
					"$(inherited)",
					"@executable_path/Frameworks",
				);
				OTHER_LDFLAGS = (
					"$(inherited)",
					"-framework",
					"\"CTAssetsPickerController\"",
					"-framework",
					"\"Photos\"",
					"-framework",
					"\"PureLayout\"",
				);
				PRODUCT_BUNDLE_IDENTIFIER = "com.qway.-";
				PRODUCT_NAME = "$(TARGET_NAME)";
				TARGETED_DEVICE_FAMILY = "1,2";
			};
			name = Release;
		};
		0D9465A922A76C4500F8F396 /* Debug */ = {
			isa = XCBuildConfiguration;
			buildSettings = {
				BUNDLE_LOADER = "$(TEST_HOST)";
				CODE_SIGN_STYLE = Automatic;
				DEVELOPMENT_TEAM = ALAK6VG32W;
				INFOPLIST_FILE = XWCameraTests/Info.plist;
				LD_RUNPATH_SEARCH_PATHS = (
					"$(inherited)",
					"@executable_path/Frameworks",
					"@loader_path/Frameworks",
				);
				PRODUCT_BUNDLE_IDENTIFIER = com.qway.qchat.XWCameraTests;
				PRODUCT_NAME = "$(TARGET_NAME)";
				TARGETED_DEVICE_FAMILY = "1,2";
				TEST_HOST = "$(BUILT_PRODUCTS_DIR)/XWCamera.app/XWCamera";
			};
			name = Debug;
		};
		0D9465AA22A76C4500F8F396 /* Release */ = {
			isa = XCBuildConfiguration;
			buildSettings = {
				BUNDLE_LOADER = "$(TEST_HOST)";
				CODE_SIGN_STYLE = Automatic;
				DEVELOPMENT_TEAM = ALAK6VG32W;
				INFOPLIST_FILE = XWCameraTests/Info.plist;
				LD_RUNPATH_SEARCH_PATHS = (
					"$(inherited)",
					"@executable_path/Frameworks",
					"@loader_path/Frameworks",
				);
				PRODUCT_BUNDLE_IDENTIFIER = com.qway.qchat.XWCameraTests;
				PRODUCT_NAME = "$(TARGET_NAME)";
				TARGETED_DEVICE_FAMILY = "1,2";
				TEST_HOST = "$(BUILT_PRODUCTS_DIR)/XWCamera.app/XWCamera";
			};
			name = Release;
		};
		0D9465AC22A76C4500F8F396 /* Debug */ = {
			isa = XCBuildConfiguration;
			buildSettings = {
				CODE_SIGN_STYLE = Automatic;
				DEVELOPMENT_TEAM = ALAK6VG32W;
				INFOPLIST_FILE = XWCameraUITests/Info.plist;
				LD_RUNPATH_SEARCH_PATHS = (
					"$(inherited)",
					"@executable_path/Frameworks",
					"@loader_path/Frameworks",
				);
				PRODUCT_BUNDLE_IDENTIFIER = com.qway.qchat.XWCameraUITests;
				PRODUCT_NAME = "$(TARGET_NAME)";
				TARGETED_DEVICE_FAMILY = "1,2";
				TEST_TARGET_NAME = XWCamera;
			};
			name = Debug;
		};
		0D9465AD22A76C4500F8F396 /* Release */ = {
			isa = XCBuildConfiguration;
			buildSettings = {
				CODE_SIGN_STYLE = Automatic;
				DEVELOPMENT_TEAM = ALAK6VG32W;
				INFOPLIST_FILE = XWCameraUITests/Info.plist;
				LD_RUNPATH_SEARCH_PATHS = (
					"$(inherited)",
					"@executable_path/Frameworks",
					"@loader_path/Frameworks",
				);
				PRODUCT_BUNDLE_IDENTIFIER = com.qway.qchat.XWCameraUITests;
				PRODUCT_NAME = "$(TARGET_NAME)";
				TARGETED_DEVICE_FAMILY = "1,2";
				TEST_TARGET_NAME = XWCamera;
			};
			name = Release;
		};
/* End XCBuildConfiguration section */

/* Begin XCConfigurationList section */
		0D94657122A76C4400F8F396 /* Build configuration list for PBXProject "XWCamera" */ = {
			isa = XCConfigurationList;
			buildConfigurations = (
				0D9465A322A76C4500F8F396 /* Debug */,
				0D9465A422A76C4500F8F396 /* Release */,
			);
			defaultConfigurationIsVisible = 0;
			defaultConfigurationName = Release;
		};
		0D9465A522A76C4500F8F396 /* Build configuration list for PBXNativeTarget "XWCamera" */ = {
			isa = XCConfigurationList;
			buildConfigurations = (
				0D9465A622A76C4500F8F396 /* Debug */,
				0D9465A722A76C4500F8F396 /* Release */,
			);
			defaultConfigurationIsVisible = 0;
			defaultConfigurationName = Release;
		};
		0D9465A822A76C4500F8F396 /* Build configuration list for PBXNativeTarget "XWCameraTests" */ = {
			isa = XCConfigurationList;
			buildConfigurations = (
				0D9465A922A76C4500F8F396 /* Debug */,
				0D9465AA22A76C4500F8F396 /* Release */,
			);
			defaultConfigurationIsVisible = 0;
			defaultConfigurationName = Release;
		};
		0D9465AB22A76C4500F8F396 /* Build configuration list for PBXNativeTarget "XWCameraUITests" */ = {
			isa = XCConfigurationList;
			buildConfigurations = (
				0D9465AC22A76C4500F8F396 /* Debug */,
				0D9465AD22A76C4500F8F396 /* Release */,
			);
			defaultConfigurationIsVisible = 0;
			defaultConfigurationName = Release;
		};
/* End XCConfigurationList section */

/* Begin XCVersionGroup section */
		0D94658222A76C4400F8F396 /* XWCamera.xcdatamodeld */ = {
			isa = XCVersionGroup;
			children = (
				0D94658322A76C4400F8F396 /* XWCamera.xcdatamodel */,
			);
			currentVersion = 0D94658322A76C4400F8F396 /* XWCamera.xcdatamodel */;
			path = XWCamera.xcdatamodeld;
			sourceTree = "<group>";
			versionGroupType = wrapper.xcdatamodel;
		};
/* End XCVersionGroup section */
	};
	rootObject = 0D94656E22A76C4400F8F396 /* Project object */;
}
